// !$*UTF8*$!
{
	archiveVersion = 1;
	classes = {
	};
	objectVersion = 48;
	objects = {

/* Begin PBXBuildFile section */
		8A19BFB4201741A8007A2B92 /* AppDelegate.swift in Sources */ = {isa = PBXBuildFile; fileRef = 8A19BFB3201741A8007A2B92 /* AppDelegate.swift */; };
		8A19BFB6201741A8007A2B92 /* ViewController.swift in Sources */ = {isa = PBXBuildFile; fileRef = 8A19BFB5201741A8007A2B92 /* ViewController.swift */; };
		8A19BFB8201741A8007A2B92 /* Assets.xcassets in Resources */ = {isa = PBXBuildFile; fileRef = 8A19BFB7201741A8007A2B92 /* Assets.xcassets */; };
		8A19BFBB201741A8007A2B92 /* Main.storyboard in Resources */ = {isa = PBXBuildFile; fileRef = 8A19BFB9201741A8007A2B92 /* Main.storyboard */; };
		8A20B91C2021D96C002D45A5 /* AnyExtensions.swift in Sources */ = {isa = PBXBuildFile; fileRef = 8A20B8F62021D96C002D45A5 /* AnyExtensions.swift */; };
		8A20B91D2021D96C002D45A5 /* BuiltInBasicType.swift in Sources */ = {isa = PBXBuildFile; fileRef = 8A20B8F72021D96C002D45A5 /* BuiltInBasicType.swift */; };
		8A20B91E2021D96C002D45A5 /* BuiltInBridgeType.swift in Sources */ = {isa = PBXBuildFile; fileRef = 8A20B8F82021D96C002D45A5 /* BuiltInBridgeType.swift */; };
		8A20B91F2021D96C002D45A5 /* Configuration.swift in Sources */ = {isa = PBXBuildFile; fileRef = 8A20B8F92021D96C002D45A5 /* Configuration.swift */; };
		8A20B9202021D96C002D45A5 /* CustomDateFormatTransform.swift in Sources */ = {isa = PBXBuildFile; fileRef = 8A20B8FA2021D96C002D45A5 /* CustomDateFormatTransform.swift */; };
		8A20B9212021D96C002D45A5 /* DataTransform.swift in Sources */ = {isa = PBXBuildFile; fileRef = 8A20B8FB2021D96C002D45A5 /* DataTransform.swift */; };
		8A20B9222021D96C002D45A5 /* DateFormatterTransform.swift in Sources */ = {isa = PBXBuildFile; fileRef = 8A20B8FC2021D96C002D45A5 /* DateFormatterTransform.swift */; };
		8A20B9232021D96C002D45A5 /* DateTransform.swift in Sources */ = {isa = PBXBuildFile; fileRef = 8A20B8FD2021D96C002D45A5 /* DateTransform.swift */; };
		8A20B9242021D96C002D45A5 /* Deserializer.swift in Sources */ = {isa = PBXBuildFile; fileRef = 8A20B8FE2021D96C002D45A5 /* Deserializer.swift */; };
		8A20B9252021D96C002D45A5 /* EnumTransform.swift in Sources */ = {isa = PBXBuildFile; fileRef = 8A20B8FF2021D96C002D45A5 /* EnumTransform.swift */; };
		8A20B9262021D96C002D45A5 /* EnumType.swift in Sources */ = {isa = PBXBuildFile; fileRef = 8A20B9002021D96C002D45A5 /* EnumType.swift */; };
		8A20B9272021D96C002D45A5 /* Export.swift in Sources */ = {isa = PBXBuildFile; fileRef = 8A20B9012021D96C002D45A5 /* Export.swift */; };
		8A20B9282021D96C002D45A5 /* ExtendCustomBasicType.swift in Sources */ = {isa = PBXBuildFile; fileRef = 8A20B9022021D96C002D45A5 /* ExtendCustomBasicType.swift */; };
		8A20B9292021D96C002D45A5 /* ExtendCustomModelType.swift in Sources */ = {isa = PBXBuildFile; fileRef = 8A20B9032021D96C002D45A5 /* ExtendCustomModelType.swift */; };
		8A20B92A2021D96C002D45A5 /* HelpingMapper.swift in Sources */ = {isa = PBXBuildFile; fileRef = 8A20B9052021D96C002D45A5 /* HelpingMapper.swift */; };
		8A20B92B2021D96C002D45A5 /* HexColorTransform.swift in Sources */ = {isa = PBXBuildFile; fileRef = 8A20B9062021D96C002D45A5 /* HexColorTransform.swift */; };
		8A20B92C2021D96C002D45A5 /* Info-iOS.plist in Resources */ = {isa = PBXBuildFile; fileRef = 8A20B9072021D96C002D45A5 /* Info-iOS.plist */; };
		8A20B92D2021D96C002D45A5 /* Info-macOS.plist in Resources */ = {isa = PBXBuildFile; fileRef = 8A20B9082021D96C002D45A5 /* Info-macOS.plist */; };
		8A20B92E2021D96C002D45A5 /* Info-tvOS.plist in Resources */ = {isa = PBXBuildFile; fileRef = 8A20B9092021D96C002D45A5 /* Info-tvOS.plist */; };
		8A20B92F2021D96C002D45A5 /* Info-watchOS.plist in Resources */ = {isa = PBXBuildFile; fileRef = 8A20B90A2021D96C002D45A5 /* Info-watchOS.plist */; };
		8A20B9302021D96C002D45A5 /* ISO8601DateTransform.swift in Sources */ = {isa = PBXBuildFile; fileRef = 8A20B90B2021D96C002D45A5 /* ISO8601DateTransform.swift */; };
		8A20B9312021D96C002D45A5 /* LICENSE in Resources */ = {isa = PBXBuildFile; fileRef = 8A20B90C2021D96C002D45A5 /* LICENSE */; };
		8A20B9322021D96C002D45A5 /* Logger.swift in Sources */ = {isa = PBXBuildFile; fileRef = 8A20B90D2021D96C002D45A5 /* Logger.swift */; };
		8A20B9332021D96C002D45A5 /* Measuable.swift in Sources */ = {isa = PBXBuildFile; fileRef = 8A20B90E2021D96C002D45A5 /* Measuable.swift */; };
		8A20B9342021D96C002D45A5 /* Metadata.swift in Sources */ = {isa = PBXBuildFile; fileRef = 8A20B90F2021D96C002D45A5 /* Metadata.swift */; };
		8A20B9352021D96C002D45A5 /* NominalType.swift in Sources */ = {isa = PBXBuildFile; fileRef = 8A20B9102021D96C002D45A5 /* NominalType.swift */; };
		8A20B9362021D96C002D45A5 /* NSDecimalNumberTransform.swift in Sources */ = {isa = PBXBuildFile; fileRef = 8A20B9112021D96C002D45A5 /* NSDecimalNumberTransform.swift */; };
		8A20B9372021D96C002D45A5 /* OtherExtension.swift in Sources */ = {isa = PBXBuildFile; fileRef = 8A20B9122021D96C002D45A5 /* OtherExtension.swift */; };
		8A20B9382021D96C002D45A5 /* PointerType.swift in Sources */ = {isa = PBXBuildFile; fileRef = 8A20B9132021D96C002D45A5 /* PointerType.swift */; };
		8A20B9392021D96C002D45A5 /* Properties.swift in Sources */ = {isa = PBXBuildFile; fileRef = 8A20B9142021D96C002D45A5 /* Properties.swift */; };
		8A20B93A2021D96C002D45A5 /* PropertyInfo.swift in Sources */ = {isa = PBXBuildFile; fileRef = 8A20B9152021D96C002D45A5 /* PropertyInfo.swift */; };
		8A20B93B2021D96C002D45A5 /* ReflectionHelper.swift in Sources */ = {isa = PBXBuildFile; fileRef = 8A20B9162021D96C002D45A5 /* ReflectionHelper.swift */; };
		8A20B93C2021D96C002D45A5 /* Serializer.swift in Sources */ = {isa = PBXBuildFile; fileRef = 8A20B9172021D96C002D45A5 /* Serializer.swift */; };
		8A20B93D2021D96C002D45A5 /* Transformable.swift in Sources */ = {isa = PBXBuildFile; fileRef = 8A20B9182021D96C002D45A5 /* Transformable.swift */; };
		8A20B93E2021D96C002D45A5 /* TransformOf.swift in Sources */ = {isa = PBXBuildFile; fileRef = 8A20B9192021D96C002D45A5 /* TransformOf.swift */; };
		8A20B93F2021D96C002D45A5 /* TransformType.swift in Sources */ = {isa = PBXBuildFile; fileRef = 8A20B91A2021D96C002D45A5 /* TransformType.swift */; };
		8A20B9402021D96C002D45A5 /* URLTransform.swift in Sources */ = {isa = PBXBuildFile; fileRef = 8A20B91B2021D96C002D45A5 /* URLTransform.swift */; };
		8A2D666B2020241B001121A9 /* LoginView.storyboard in Resources */ = {isa = PBXBuildFile; fileRef = 8A2D666A2020241B001121A9 /* LoginView.storyboard */; };
		8A2D666F20204BAE001121A9 /* LoginViewController.swift in Sources */ = {isa = PBXBuildFile; fileRef = 8A2D666E20204BAE001121A9 /* LoginViewController.swift */; };
		8A405E7C201873A6005B85DD /* .gitkeep in Resources */ = {isa = PBXBuildFile; fileRef = 8A405E6B201873A6005B85DD /* .gitkeep */; };
		8A405E7D201873A6005B85DD /* ColorExtention.swift in Sources */ = {isa = PBXBuildFile; fileRef = 8A405E6D201873A6005B85DD /* ColorExtention.swift */; };
		8A405E7E201873A6005B85DD /* DateExtention.swift in Sources */ = {isa = PBXBuildFile; fileRef = 8A405E6E201873A6005B85DD /* DateExtention.swift */; };
		8A405E7F201873A6005B85DD /* FontExtention.swift in Sources */ = {isa = PBXBuildFile; fileRef = 8A405E6F201873A6005B85DD /* FontExtention.swift */; };
		8A405E80201873A6005B85DD /* ImageExtention.swift in Sources */ = {isa = PBXBuildFile; fileRef = 8A405E70201873A6005B85DD /* ImageExtention.swift */; };
		8A405E81201873A6005B85DD /* LayerExtention.swift in Sources */ = {isa = PBXBuildFile; fileRef = 8A405E71201873A6005B85DD /* LayerExtention.swift */; };
		8A405E82201873A6005B85DD /* StringExtention.swift in Sources */ = {isa = PBXBuildFile; fileRef = 8A405E72201873A6005B85DD /* StringExtention.swift */; };
		8A405E83201873A6005B85DD /* ViewExtention.swift in Sources */ = {isa = PBXBuildFile; fileRef = 8A405E73201873A6005B85DD /* ViewExtention.swift */; };
		8A405E84201873A6005B85DD /* UIUtils.swift in Sources */ = {isa = PBXBuildFile; fileRef = 8A405E75201873A6005B85DD /* UIUtils.swift */; };
		8A405E85201873A6005B85DD /* HAnimatedImageView.swift in Sources */ = {isa = PBXBuildFile; fileRef = 8A405E77201873A6005B85DD /* HAnimatedImageView.swift */; };
		8A405E86201873A6005B85DD /* HUIButton.swift in Sources */ = {isa = PBXBuildFile; fileRef = 8A405E78201873A6005B85DD /* HUIButton.swift */; };
		8A405E87201873A6005B85DD /* HUIControl.swift in Sources */ = {isa = PBXBuildFile; fileRef = 8A405E79201873A6005B85DD /* HUIControl.swift */; };
		8A405E88201873A6005B85DD /* HUIView.swift in Sources */ = {isa = PBXBuildFile; fileRef = 8A405E7A201873A6005B85DD /* HUIView.swift */; };
		8A405E89201873A6005B85DD /* HUIWindow.swift in Sources */ = {isa = PBXBuildFile; fileRef = 8A405E7B201873A6005B85DD /* HUIWindow.swift */; };
		8A4822472019ACD20007AA5B /* HUISelectionBar.swift in Sources */ = {isa = PBXBuildFile; fileRef = 8A4822462019ACD20007AA5B /* HUISelectionBar.swift */; };
		8A48224A2019E7C00007AA5B /* MessageViewController.swift in Sources */ = {isa = PBXBuildFile; fileRef = 8A4822482019E7C00007AA5B /* MessageViewController.swift */; };
		8A48224E2019E8A70007AA5B /* RecentlyChatViewController.swift in Sources */ = {isa = PBXBuildFile; fileRef = 8A48224C2019E8A70007AA5B /* RecentlyChatViewController.swift */; };
		8A48224F2019E8A70007AA5B /* RecentlyChatViewController.xib in Resources */ = {isa = PBXBuildFile; fileRef = 8A48224D2019E8A70007AA5B /* RecentlyChatViewController.xib */; };
		8A4822522019E9860007AA5B /* ConversationViewController.swift in Sources */ = {isa = PBXBuildFile; fileRef = 8A4822502019E9860007AA5B /* ConversationViewController.swift */; };
		8A4822532019E9860007AA5B /* ConversationViewController.xib in Resources */ = {isa = PBXBuildFile; fileRef = 8A4822512019E9860007AA5B /* ConversationViewController.xib */; };
		8A677BA5201EF1F90094033A /* ChatSummaryCell.swift in Sources */ = {isa = PBXBuildFile; fileRef = 8A677BA3201EF1F90094033A /* ChatSummaryCell.swift */; };
		8A677BA6201EF1F90094033A /* ChatSummaryCell.xib in Resources */ = {isa = PBXBuildFile; fileRef = 8A677BA4201EF1F90094033A /* ChatSummaryCell.xib */; };
		8AC0A913201884F2003AADF8 /* HUITabBarController.swift in Sources */ = {isa = PBXBuildFile; fileRef = 8AC0A912201884F2003AADF8 /* HUITabBarController.swift */; };
		BAC5FF54609D3F6CDA91D5E1 /* Pods_HChatForMac.framework in Frameworks */ = {isa = PBXBuildFile; fileRef = E986928099816C78F33B09FC /* Pods_HChatForMac.framework */; };
/* End PBXBuildFile section */

/* Begin PBXFileReference section */
		8A19BFB0201741A8007A2B92 /* HChatForMac.app */ = {isa = PBXFileReference; explicitFileType = wrapper.application; includeInIndex = 0; path = HChatForMac.app; sourceTree = BUILT_PRODUCTS_DIR; };
		8A19BFB3201741A8007A2B92 /* AppDelegate.swift */ = {isa = PBXFileReference; lastKnownFileType = sourcecode.swift; path = AppDelegate.swift; sourceTree = "<group>"; };
		8A19BFB5201741A8007A2B92 /* ViewController.swift */ = {isa = PBXFileReference; lastKnownFileType = sourcecode.swift; path = ViewController.swift; sourceTree = "<group>"; };
		8A19BFB7201741A8007A2B92 /* Assets.xcassets */ = {isa = PBXFileReference; lastKnownFileType = folder.assetcatalog; path = Assets.xcassets; sourceTree = "<group>"; };
		8A19BFBA201741A8007A2B92 /* Base */ = {isa = PBXFileReference; lastKnownFileType = file.storyboard; name = Base; path = Base.lproj/Main.storyboard; sourceTree = "<group>"; };
		8A19BFBC201741A8007A2B92 /* Info.plist */ = {isa = PBXFileReference; lastKnownFileType = text.plist.xml; path = Info.plist; sourceTree = "<group>"; };
		8A19BFBD201741A8007A2B92 /* HChatForMac.entitlements */ = {isa = PBXFileReference; lastKnownFileType = text.plist.entitlements; path = HChatForMac.entitlements; sourceTree = "<group>"; };
		8A20B8F62021D96C002D45A5 /* AnyExtensions.swift */ = {isa = PBXFileReference; fileEncoding = 4; lastKnownFileType = sourcecode.swift; path = AnyExtensions.swift; sourceTree = "<group>"; };
		8A20B8F72021D96C002D45A5 /* BuiltInBasicType.swift */ = {isa = PBXFileReference; fileEncoding = 4; lastKnownFileType = sourcecode.swift; path = BuiltInBasicType.swift; sourceTree = "<group>"; };
		8A20B8F82021D96C002D45A5 /* BuiltInBridgeType.swift */ = {isa = PBXFileReference; fileEncoding = 4; lastKnownFileType = sourcecode.swift; path = BuiltInBridgeType.swift; sourceTree = "<group>"; };
		8A20B8F92021D96C002D45A5 /* Configuration.swift */ = {isa = PBXFileReference; fileEncoding = 4; lastKnownFileType = sourcecode.swift; path = Configuration.swift; sourceTree = "<group>"; };
		8A20B8FA2021D96C002D45A5 /* CustomDateFormatTransform.swift */ = {isa = PBXFileReference; fileEncoding = 4; lastKnownFileType = sourcecode.swift; path = CustomDateFormatTransform.swift; sourceTree = "<group>"; };
		8A20B8FB2021D96C002D45A5 /* DataTransform.swift */ = {isa = PBXFileReference; fileEncoding = 4; lastKnownFileType = sourcecode.swift; path = DataTransform.swift; sourceTree = "<group>"; };
		8A20B8FC2021D96C002D45A5 /* DateFormatterTransform.swift */ = {isa = PBXFileReference; fileEncoding = 4; lastKnownFileType = sourcecode.swift; path = DateFormatterTransform.swift; sourceTree = "<group>"; };
		8A20B8FD2021D96C002D45A5 /* DateTransform.swift */ = {isa = PBXFileReference; fileEncoding = 4; lastKnownFileType = sourcecode.swift; path = DateTransform.swift; sourceTree = "<group>"; };
		8A20B8FE2021D96C002D45A5 /* Deserializer.swift */ = {isa = PBXFileReference; fileEncoding = 4; lastKnownFileType = sourcecode.swift; path = Deserializer.swift; sourceTree = "<group>"; };
		8A20B8FF2021D96C002D45A5 /* EnumTransform.swift */ = {isa = PBXFileReference; fileEncoding = 4; lastKnownFileType = sourcecode.swift; path = EnumTransform.swift; sourceTree = "<group>"; };
		8A20B9002021D96C002D45A5 /* EnumType.swift */ = {isa = PBXFileReference; fileEncoding = 4; lastKnownFileType = sourcecode.swift; path = EnumType.swift; sourceTree = "<group>"; };
		8A20B9012021D96C002D45A5 /* Export.swift */ = {isa = PBXFileReference; fileEncoding = 4; lastKnownFileType = sourcecode.swift; path = Export.swift; sourceTree = "<group>"; };
		8A20B9022021D96C002D45A5 /* ExtendCustomBasicType.swift */ = {isa = PBXFileReference; fileEncoding = 4; lastKnownFileType = sourcecode.swift; path = ExtendCustomBasicType.swift; sourceTree = "<group>"; };
		8A20B9032021D96C002D45A5 /* ExtendCustomModelType.swift */ = {isa = PBXFileReference; fileEncoding = 4; lastKnownFileType = sourcecode.swift; path = ExtendCustomModelType.swift; sourceTree = "<group>"; };
		8A20B9042021D96C002D45A5 /* HandyJSON.h */ = {isa = PBXFileReference; fileEncoding = 4; lastKnownFileType = sourcecode.c.h; path = HandyJSON.h; sourceTree = "<group>"; };
		8A20B9052021D96C002D45A5 /* HelpingMapper.swift */ = {isa = PBXFileReference; fileEncoding = 4; lastKnownFileType = sourcecode.swift; path = HelpingMapper.swift; sourceTree = "<group>"; };
		8A20B9062021D96C002D45A5 /* HexColorTransform.swift */ = {isa = PBXFileReference; fileEncoding = 4; lastKnownFileType = sourcecode.swift; path = HexColorTransform.swift; sourceTree = "<group>"; };
		8A20B9072021D96C002D45A5 /* Info-iOS.plist */ = {isa = PBXFileReference; fileEncoding = 4; lastKnownFileType = text.plist.xml; path = "Info-iOS.plist"; sourceTree = "<group>"; };
		8A20B9082021D96C002D45A5 /* Info-macOS.plist */ = {isa = PBXFileReference; fileEncoding = 4; lastKnownFileType = text.plist.xml; path = "Info-macOS.plist"; sourceTree = "<group>"; };
		8A20B9092021D96C002D45A5 /* Info-tvOS.plist */ = {isa = PBXFileReference; fileEncoding = 4; lastKnownFileType = text.plist.xml; path = "Info-tvOS.plist"; sourceTree = "<group>"; };
		8A20B90A2021D96C002D45A5 /* Info-watchOS.plist */ = {isa = PBXFileReference; fileEncoding = 4; lastKnownFileType = text.plist.xml; path = "Info-watchOS.plist"; sourceTree = "<group>"; };
		8A20B90B2021D96C002D45A5 /* ISO8601DateTransform.swift */ = {isa = PBXFileReference; fileEncoding = 4; lastKnownFileType = sourcecode.swift; path = ISO8601DateTransform.swift; sourceTree = "<group>"; };
		8A20B90C2021D96C002D45A5 /* LICENSE */ = {isa = PBXFileReference; fileEncoding = 4; lastKnownFileType = text; path = LICENSE; sourceTree = "<group>"; };
		8A20B90D2021D96C002D45A5 /* Logger.swift */ = {isa = PBXFileReference; fileEncoding = 4; lastKnownFileType = sourcecode.swift; path = Logger.swift; sourceTree = "<group>"; };
		8A20B90E2021D96C002D45A5 /* Measuable.swift */ = {isa = PBXFileReference; fileEncoding = 4; lastKnownFileType = sourcecode.swift; path = Measuable.swift; sourceTree = "<group>"; };
		8A20B90F2021D96C002D45A5 /* Metadata.swift */ = {isa = PBXFileReference; fileEncoding = 4; lastKnownFileType = sourcecode.swift; path = Metadata.swift; sourceTree = "<group>"; };
		8A20B9102021D96C002D45A5 /* NominalType.swift */ = {isa = PBXFileReference; fileEncoding = 4; lastKnownFileType = sourcecode.swift; path = NominalType.swift; sourceTree = "<group>"; };
		8A20B9112021D96C002D45A5 /* NSDecimalNumberTransform.swift */ = {isa = PBXFileReference; fileEncoding = 4; lastKnownFileType = sourcecode.swift; path = NSDecimalNumberTransform.swift; sourceTree = "<group>"; };
		8A20B9122021D96C002D45A5 /* OtherExtension.swift */ = {isa = PBXFileReference; fileEncoding = 4; lastKnownFileType = sourcecode.swift; path = OtherExtension.swift; sourceTree = "<group>"; };
		8A20B9132021D96C002D45A5 /* PointerType.swift */ = {isa = PBXFileReference; fileEncoding = 4; lastKnownFileType = sourcecode.swift; path = PointerType.swift; sourceTree = "<group>"; };
		8A20B9142021D96C002D45A5 /* Properties.swift */ = {isa = PBXFileReference; fileEncoding = 4; lastKnownFileType = sourcecode.swift; path = Properties.swift; sourceTree = "<group>"; };
		8A20B9152021D96C002D45A5 /* PropertyInfo.swift */ = {isa = PBXFileReference; fileEncoding = 4; lastKnownFileType = sourcecode.swift; path = PropertyInfo.swift; sourceTree = "<group>"; };
		8A20B9162021D96C002D45A5 /* ReflectionHelper.swift */ = {isa = PBXFileReference; fileEncoding = 4; lastKnownFileType = sourcecode.swift; path = ReflectionHelper.swift; sourceTree = "<group>"; };
		8A20B9172021D96C002D45A5 /* Serializer.swift */ = {isa = PBXFileReference; fileEncoding = 4; lastKnownFileType = sourcecode.swift; path = Serializer.swift; sourceTree = "<group>"; };
		8A20B9182021D96C002D45A5 /* Transformable.swift */ = {isa = PBXFileReference; fileEncoding = 4; lastKnownFileType = sourcecode.swift; path = Transformable.swift; sourceTree = "<group>"; };
		8A20B9192021D96C002D45A5 /* TransformOf.swift */ = {isa = PBXFileReference; fileEncoding = 4; lastKnownFileType = sourcecode.swift; path = TransformOf.swift; sourceTree = "<group>"; };
		8A20B91A2021D96C002D45A5 /* TransformType.swift */ = {isa = PBXFileReference; fileEncoding = 4; lastKnownFileType = sourcecode.swift; path = TransformType.swift; sourceTree = "<group>"; };
		8A20B91B2021D96C002D45A5 /* URLTransform.swift */ = {isa = PBXFileReference; fileEncoding = 4; lastKnownFileType = sourcecode.swift; path = URLTransform.swift; sourceTree = "<group>"; };
		8A2D666A2020241B001121A9 /* LoginView.storyboard */ = {isa = PBXFileReference; lastKnownFileType = file.storyboard; path = LoginView.storyboard; sourceTree = "<group>"; };
		8A2D666E20204BAE001121A9 /* LoginViewController.swift */ = {isa = PBXFileReference; lastKnownFileType = sourcecode.swift; path = LoginViewController.swift; sourceTree = "<group>"; };
		8A405E6B201873A6005B85DD /* .gitkeep */ = {isa = PBXFileReference; fileEncoding = 4; lastKnownFileType = text; path = .gitkeep; sourceTree = "<group>"; };
		8A405E6D201873A6005B85DD /* ColorExtention.swift */ = {isa = PBXFileReference; fileEncoding = 4; lastKnownFileType = sourcecode.swift; path = ColorExtention.swift; sourceTree = "<group>"; };
		8A405E6E201873A6005B85DD /* DateExtention.swift */ = {isa = PBXFileReference; fileEncoding = 4; lastKnownFileType = sourcecode.swift; path = DateExtention.swift; sourceTree = "<group>"; };
		8A405E6F201873A6005B85DD /* FontExtention.swift */ = {isa = PBXFileReference; fileEncoding = 4; lastKnownFileType = sourcecode.swift; path = FontExtention.swift; sourceTree = "<group>"; };
		8A405E70201873A6005B85DD /* ImageExtention.swift */ = {isa = PBXFileReference; fileEncoding = 4; lastKnownFileType = sourcecode.swift; path = ImageExtention.swift; sourceTree = "<group>"; };
		8A405E71201873A6005B85DD /* LayerExtention.swift */ = {isa = PBXFileReference; fileEncoding = 4; lastKnownFileType = sourcecode.swift; path = LayerExtention.swift; sourceTree = "<group>"; };
		8A405E72201873A6005B85DD /* StringExtention.swift */ = {isa = PBXFileReference; fileEncoding = 4; lastKnownFileType = sourcecode.swift; path = StringExtention.swift; sourceTree = "<group>"; };
		8A405E73201873A6005B85DD /* ViewExtention.swift */ = {isa = PBXFileReference; fileEncoding = 4; lastKnownFileType = sourcecode.swift; path = ViewExtention.swift; sourceTree = "<group>"; };
		8A405E75201873A6005B85DD /* UIUtils.swift */ = {isa = PBXFileReference; fileEncoding = 4; lastKnownFileType = sourcecode.swift; path = UIUtils.swift; sourceTree = "<group>"; };
		8A405E77201873A6005B85DD /* HAnimatedImageView.swift */ = {isa = PBXFileReference; fileEncoding = 4; lastKnownFileType = sourcecode.swift; path = HAnimatedImageView.swift; sourceTree = "<group>"; };
		8A405E78201873A6005B85DD /* HUIButton.swift */ = {isa = PBXFileReference; fileEncoding = 4; lastKnownFileType = sourcecode.swift; path = HUIButton.swift; sourceTree = "<group>"; };
		8A405E79201873A6005B85DD /* HUIControl.swift */ = {isa = PBXFileReference; fileEncoding = 4; lastKnownFileType = sourcecode.swift; path = HUIControl.swift; sourceTree = "<group>"; };
		8A405E7A201873A6005B85DD /* HUIView.swift */ = {isa = PBXFileReference; fileEncoding = 4; lastKnownFileType = sourcecode.swift; path = HUIView.swift; sourceTree = "<group>"; };
		8A405E7B201873A6005B85DD /* HUIWindow.swift */ = {isa = PBXFileReference; fileEncoding = 4; lastKnownFileType = sourcecode.swift; path = HUIWindow.swift; sourceTree = "<group>"; };
		8A4822462019ACD20007AA5B /* HUISelectionBar.swift */ = {isa = PBXFileReference; lastKnownFileType = sourcecode.swift; path = HUISelectionBar.swift; sourceTree = "<group>"; };
		8A4822482019E7C00007AA5B /* MessageViewController.swift */ = {isa = PBXFileReference; lastKnownFileType = sourcecode.swift; path = MessageViewController.swift; sourceTree = "<group>"; };
		8A48224C2019E8A70007AA5B /* RecentlyChatViewController.swift */ = {isa = PBXFileReference; lastKnownFileType = sourcecode.swift; path = RecentlyChatViewController.swift; sourceTree = "<group>"; };
		8A48224D2019E8A70007AA5B /* RecentlyChatViewController.xib */ = {isa = PBXFileReference; lastKnownFileType = file.xib; path = RecentlyChatViewController.xib; sourceTree = "<group>"; };
		8A4822502019E9860007AA5B /* ConversationViewController.swift */ = {isa = PBXFileReference; lastKnownFileType = sourcecode.swift; path = ConversationViewController.swift; sourceTree = "<group>"; };
		8A4822512019E9860007AA5B /* ConversationViewController.xib */ = {isa = PBXFileReference; lastKnownFileType = file.xib; path = ConversationViewController.xib; sourceTree = "<group>"; };
		8A677BA3201EF1F90094033A /* ChatSummaryCell.swift */ = {isa = PBXFileReference; lastKnownFileType = sourcecode.swift; path = ChatSummaryCell.swift; sourceTree = "<group>"; };
		8A677BA4201EF1F90094033A /* ChatSummaryCell.xib */ = {isa = PBXFileReference; lastKnownFileType = file.xib; path = ChatSummaryCell.xib; sourceTree = "<group>"; };
		8AC0A912201884F2003AADF8 /* HUITabBarController.swift */ = {isa = PBXFileReference; lastKnownFileType = sourcecode.swift; path = HUITabBarController.swift; sourceTree = "<group>"; };
		8CFB1A9CD9733BB4C787A8A7 /* Pods-HChatForMac.debug.xcconfig */ = {isa = PBXFileReference; includeInIndex = 1; lastKnownFileType = text.xcconfig; name = "Pods-HChatForMac.debug.xcconfig"; path = "Pods/Target Support Files/Pods-HChatForMac/Pods-HChatForMac.debug.xcconfig"; sourceTree = "<group>"; };
		E6E7CC00C24B2BA704BC9D7B /* Pods-HChatForMac.release.xcconfig */ = {isa = PBXFileReference; includeInIndex = 1; lastKnownFileType = text.xcconfig; name = "Pods-HChatForMac.release.xcconfig"; path = "Pods/Target Support Files/Pods-HChatForMac/Pods-HChatForMac.release.xcconfig"; sourceTree = "<group>"; };
		E986928099816C78F33B09FC /* Pods_HChatForMac.framework */ = {isa = PBXFileReference; explicitFileType = wrapper.framework; includeInIndex = 0; path = Pods_HChatForMac.framework; sourceTree = BUILT_PRODUCTS_DIR; };
/* End PBXFileReference section */

/* Begin PBXFrameworksBuildPhase section */
		8A19BFAD201741A8007A2B92 /* Frameworks */ = {
			isa = PBXFrameworksBuildPhase;
			buildActionMask = 2147483647;
			files = (
				BAC5FF54609D3F6CDA91D5E1 /* Pods_HChatForMac.framework in Frameworks */,
			);
			runOnlyForDeploymentPostprocessing = 0;
		};
/* End PBXFrameworksBuildPhase section */

/* Begin PBXGroup section */
		52A0C9A3474F097817EA5511 /* Frameworks */ = {
			isa = PBXGroup;
			children = (
				E986928099816C78F33B09FC /* Pods_HChatForMac.framework */,
			);
			name = Frameworks;
			sourceTree = "<group>";
		};
		8A19BFA7201741A8007A2B92 = {
			isa = PBXGroup;
			children = (
				8A19BFB2201741A8007A2B92 /* HChatForMac */,
				8A19BFB1201741A8007A2B92 /* Products */,
				D68C5B1EF795CDEA85C7847F /* Pods */,
				52A0C9A3474F097817EA5511 /* Frameworks */,
			);
			sourceTree = "<group>";
		};
		8A19BFB1201741A8007A2B92 /* Products */ = {
			isa = PBXGroup;
			children = (
				8A19BFB0201741A8007A2B92 /* HChatForMac.app */,
			);
			name = Products;
			sourceTree = "<group>";
		};
		8A19BFB2201741A8007A2B92 /* HChatForMac */ = {
			isa = PBXGroup;
			children = (
				8A20B8F52021D96C002D45A5 /* HandyJSON */,
				8A405E6A201873A6005B85DD /* Classes */,
				8A19BFB3201741A8007A2B92 /* AppDelegate.swift */,
				8A19BFB5201741A8007A2B92 /* ViewController.swift */,
				8AC0A912201884F2003AADF8 /* HUITabBarController.swift */,
				8A4822462019ACD20007AA5B /* HUISelectionBar.swift */,
				8A2D6667202023C2001121A9 /* LoginPage */,
				8A677BA2201EEBC90094033A /* MessagePage */,
				8A19BFB7201741A8007A2B92 /* Assets.xcassets */,
				8A19BFB9201741A8007A2B92 /* Main.storyboard */,
				8A19BFBC201741A8007A2B92 /* Info.plist */,
				8A19BFBD201741A8007A2B92 /* HChatForMac.entitlements */,
			);
			path = HChatForMac;
			sourceTree = "<group>";
		};
		8A20B8F52021D96C002D45A5 /* HandyJSON */ = {
			isa = PBXGroup;
			children = (
				8A20B8F62021D96C002D45A5 /* AnyExtensions.swift */,
				8A20B8F72021D96C002D45A5 /* BuiltInBasicType.swift */,
				8A20B8F82021D96C002D45A5 /* BuiltInBridgeType.swift */,
				8A20B8F92021D96C002D45A5 /* Configuration.swift */,
				8A20B8FA2021D96C002D45A5 /* CustomDateFormatTransform.swift */,
				8A20B8FB2021D96C002D45A5 /* DataTransform.swift */,
				8A20B8FC2021D96C002D45A5 /* DateFormatterTransform.swift */,
				8A20B8FD2021D96C002D45A5 /* DateTransform.swift */,
				8A20B8FE2021D96C002D45A5 /* Deserializer.swift */,
				8A20B8FF2021D96C002D45A5 /* EnumTransform.swift */,
				8A20B9002021D96C002D45A5 /* EnumType.swift */,
				8A20B9012021D96C002D45A5 /* Export.swift */,
				8A20B9022021D96C002D45A5 /* ExtendCustomBasicType.swift */,
				8A20B9032021D96C002D45A5 /* ExtendCustomModelType.swift */,
				8A20B9042021D96C002D45A5 /* HandyJSON.h */,
				8A20B9052021D96C002D45A5 /* HelpingMapper.swift */,
				8A20B9062021D96C002D45A5 /* HexColorTransform.swift */,
				8A20B9072021D96C002D45A5 /* Info-iOS.plist */,
				8A20B9082021D96C002D45A5 /* Info-macOS.plist */,
				8A20B9092021D96C002D45A5 /* Info-tvOS.plist */,
				8A20B90A2021D96C002D45A5 /* Info-watchOS.plist */,
				8A20B90B2021D96C002D45A5 /* ISO8601DateTransform.swift */,
				8A20B90C2021D96C002D45A5 /* LICENSE */,
				8A20B90D2021D96C002D45A5 /* Logger.swift */,
				8A20B90E2021D96C002D45A5 /* Measuable.swift */,
				8A20B90F2021D96C002D45A5 /* Metadata.swift */,
				8A20B9102021D96C002D45A5 /* NominalType.swift */,
				8A20B9112021D96C002D45A5 /* NSDecimalNumberTransform.swift */,
				8A20B9122021D96C002D45A5 /* OtherExtension.swift */,
				8A20B9132021D96C002D45A5 /* PointerType.swift */,
				8A20B9142021D96C002D45A5 /* Properties.swift */,
				8A20B9152021D96C002D45A5 /* PropertyInfo.swift */,
				8A20B9162021D96C002D45A5 /* ReflectionHelper.swift */,
				8A20B9172021D96C002D45A5 /* Serializer.swift */,
				8A20B9182021D96C002D45A5 /* Transformable.swift */,
				8A20B9192021D96C002D45A5 /* TransformOf.swift */,
				8A20B91A2021D96C002D45A5 /* TransformType.swift */,
				8A20B91B2021D96C002D45A5 /* URLTransform.swift */,
			);
			path = HandyJSON;
			sourceTree = "<group>";
		};
		8A2D6667202023C2001121A9 /* LoginPage */ = {
			isa = PBXGroup;
			children = (
				8A2D666A2020241B001121A9 /* LoginView.storyboard */,
				8A2D666E20204BAE001121A9 /* LoginViewController.swift */,
			);
			path = LoginPage;
			sourceTree = "<group>";
		};
		8A405E6A201873A6005B85DD /* Classes */ = {
			isa = PBXGroup;
			children = (
				8A405E6B201873A6005B85DD /* .gitkeep */,
				8A405E6C201873A6005B85DD /* SwiftExtention */,
				8A405E74201873A6005B85DD /* SwiftUtils */,
				8A405E76201873A6005B85DD /* UIClasses */,
			);
			name = Classes;
			path = ../../../HUIKit/HUIKit/Classes;
			sourceTree = "<group>";
		};
		8A405E6C201873A6005B85DD /* SwiftExtention */ = {
			isa = PBXGroup;
			children = (
				8A405E6D201873A6005B85DD /* ColorExtention.swift */,
				8A405E6E201873A6005B85DD /* DateExtention.swift */,
				8A405E6F201873A6005B85DD /* FontExtention.swift */,
				8A405E70201873A6005B85DD /* ImageExtention.swift */,
				8A405E71201873A6005B85DD /* LayerExtention.swift */,
				8A405E72201873A6005B85DD /* StringExtention.swift */,
				8A405E73201873A6005B85DD /* ViewExtention.swift */,
			);
			path = SwiftExtention;
			sourceTree = "<group>";
		};
		8A405E74201873A6005B85DD /* SwiftUtils */ = {
			isa = PBXGroup;
			children = (
				8A405E75201873A6005B85DD /* UIUtils.swift */,
			);
			path = SwiftUtils;
			sourceTree = "<group>";
		};
		8A405E76201873A6005B85DD /* UIClasses */ = {
			isa = PBXGroup;
			children = (
				8A405E77201873A6005B85DD /* HAnimatedImageView.swift */,
				8A405E78201873A6005B85DD /* HUIButton.swift */,
				8A405E79201873A6005B85DD /* HUIControl.swift */,
				8A405E7A201873A6005B85DD /* HUIView.swift */,
				8A405E7B201873A6005B85DD /* HUIWindow.swift */,
			);
			path = UIClasses;
			sourceTree = "<group>";
		};
		8A677BA2201EEBC90094033A /* MessagePage */ = {
			isa = PBXGroup;
			children = (
				8A4822482019E7C00007AA5B /* MessageViewController.swift */,
				8A677BA3201EF1F90094033A /* ChatSummaryCell.swift */,
				8A677BA4201EF1F90094033A /* ChatSummaryCell.xib */,
				8A48224C2019E8A70007AA5B /* RecentlyChatViewController.swift */,
				8A48224D2019E8A70007AA5B /* RecentlyChatViewController.xib */,
				8A4822512019E9860007AA5B /* ConversationViewController.xib */,
				8A4822502019E9860007AA5B /* ConversationViewController.swift */,
			);
			path = MessagePage;
			sourceTree = "<group>";
		};
		D68C5B1EF795CDEA85C7847F /* Pods */ = {
			isa = PBXGroup;
			children = (
				8CFB1A9CD9733BB4C787A8A7 /* Pods-HChatForMac.debug.xcconfig */,
				E6E7CC00C24B2BA704BC9D7B /* Pods-HChatForMac.release.xcconfig */,
			);
			name = Pods;
			sourceTree = "<group>";
		};
/* End PBXGroup section */

/* Begin PBXNativeTarget section */
		8A19BFAF201741A8007A2B92 /* HChatForMac */ = {
			isa = PBXNativeTarget;
			buildConfigurationList = 8A19BFC0201741A8007A2B92 /* Build configuration list for PBXNativeTarget "HChatForMac" */;
			buildPhases = (
				6D52C76CDCCBA3215BE73998 /* [CP] Check Pods Manifest.lock */,
				8A19BFAC201741A8007A2B92 /* Sources */,
				8A19BFAD201741A8007A2B92 /* Frameworks */,
				8A19BFAE201741A8007A2B92 /* Resources */,
				F46A76F9C424CB67048389AE /* [CP] Embed Pods Frameworks */,
				338CE445C2902CFB0DD3E122 /* [CP] Copy Pods Resources */,
			);
			buildRules = (
			);
			dependencies = (
			);
			name = HChatForMac;
			productName = HChatForMac;
			productReference = 8A19BFB0201741A8007A2B92 /* HChatForMac.app */;
			productType = "com.apple.product-type.application";
		};
/* End PBXNativeTarget section */

/* Begin PBXProject section */
		8A19BFA8201741A8007A2B92 /* Project object */ = {
			isa = PBXProject;
			attributes = {
				LastSwiftUpdateCheck = 0920;
				LastUpgradeCheck = 0920;
				ORGANIZATIONNAME = cheng;
				TargetAttributes = {
					8A19BFAF201741A8007A2B92 = {
						CreatedOnToolsVersion = 9.2;
						ProvisioningStyle = Automatic;
						SystemCapabilities = {
							com.apple.Sandbox = {
								enabled = 0;
							};
						};
					};
				};
			};
			buildConfigurationList = 8A19BFAB201741A8007A2B92 /* Build configuration list for PBXProject "HChatForMac" */;
			compatibilityVersion = "Xcode 8.0";
			developmentRegion = en;
			hasScannedForEncodings = 0;
			knownRegions = (
				en,
				Base,
			);
			mainGroup = 8A19BFA7201741A8007A2B92;
			productRefGroup = 8A19BFB1201741A8007A2B92 /* Products */;
			projectDirPath = "";
			projectRoot = "";
			targets = (
				8A19BFAF201741A8007A2B92 /* HChatForMac */,
			);
		};
/* End PBXProject section */

/* Begin PBXResourcesBuildPhase section */
		8A19BFAE201741A8007A2B92 /* Resources */ = {
			isa = PBXResourcesBuildPhase;
			buildActionMask = 2147483647;
			files = (
				8A20B92E2021D96C002D45A5 /* Info-tvOS.plist in Resources */,
				8A677BA6201EF1F90094033A /* ChatSummaryCell.xib in Resources */,
				8A48224F2019E8A70007AA5B /* RecentlyChatViewController.xib in Resources */,
				8A405E7C201873A6005B85DD /* .gitkeep in Resources */,
				8A20B92F2021D96C002D45A5 /* Info-watchOS.plist in Resources */,
				8A20B92D2021D96C002D45A5 /* Info-macOS.plist in Resources */,
				8A20B9312021D96C002D45A5 /* LICENSE in Resources */,
				8A4822532019E9860007AA5B /* ConversationViewController.xib in Resources */,
				8A20B92C2021D96C002D45A5 /* Info-iOS.plist in Resources */,
				8A19BFB8201741A8007A2B92 /* Assets.xcassets in Resources */,
				8A19BFBB201741A8007A2B92 /* Main.storyboard in Resources */,
				8A2D666B2020241B001121A9 /* LoginView.storyboard in Resources */,
			);
			runOnlyForDeploymentPostprocessing = 0;
		};
/* End PBXResourcesBuildPhase section */

/* Begin PBXShellScriptBuildPhase section */
		338CE445C2902CFB0DD3E122 /* [CP] Copy Pods Resources */ = {
			isa = PBXShellScriptBuildPhase;
			buildActionMask = 2147483647;
			files = (
			);
			inputPaths = (
			);
			name = "[CP] Copy Pods Resources";
			outputPaths = (
			);
			runOnlyForDeploymentPostprocessing = 0;
			shellPath = /bin/sh;
			shellScript = "\"${SRCROOT}/Pods/Target Support Files/Pods-HChatForMac/Pods-HChatForMac-resources.sh\"\n";
			showEnvVarsInLog = 0;
		};
		6D52C76CDCCBA3215BE73998 /* [CP] Check Pods Manifest.lock */ = {
			isa = PBXShellScriptBuildPhase;
			buildActionMask = 2147483647;
			files = (
			);
			inputPaths = (
				"${PODS_PODFILE_DIR_PATH}/Podfile.lock",
				"${PODS_ROOT}/Manifest.lock",
			);
			name = "[CP] Check Pods Manifest.lock";
			outputPaths = (
				"$(DERIVED_FILE_DIR)/Pods-HChatForMac-checkManifestLockResult.txt",
			);
			runOnlyForDeploymentPostprocessing = 0;
			shellPath = /bin/sh;
			shellScript = "diff \"${PODS_PODFILE_DIR_PATH}/Podfile.lock\" \"${PODS_ROOT}/Manifest.lock\" > /dev/null\nif [ $? != 0 ] ; then\n    # print error to STDERR\n    echo \"error: The sandbox is not in sync with the Podfile.lock. Run 'pod install' or update your CocoaPods installation.\" >&2\n    exit 1\nfi\n# This output is used by Xcode 'outputs' to avoid re-running this script phase.\necho \"SUCCESS\" > \"${SCRIPT_OUTPUT_FILE_0}\"\n";
			showEnvVarsInLog = 0;
		};
		F46A76F9C424CB67048389AE /* [CP] Embed Pods Frameworks */ = {
			isa = PBXShellScriptBuildPhase;
			buildActionMask = 2147483647;
			files = (
			);
			inputPaths = (
				"${SRCROOT}/Pods/Target Support Files/Pods-HChatForMac/Pods-HChatForMac-frameworks.sh",
				"${BUILT_PRODUCTS_DIR}/Alamofire/Alamofire.framework",
				"${BUILT_PRODUCTS_DIR}/Kingfisher/Kingfisher.framework",
				"${BUILT_PRODUCTS_DIR}/SnapKit/SnapKit.framework",
			);
			name = "[CP] Embed Pods Frameworks";
			outputPaths = (
				"${TARGET_BUILD_DIR}/${FRAMEWORKS_FOLDER_PATH}/Alamofire.framework",
				"${TARGET_BUILD_DIR}/${FRAMEWORKS_FOLDER_PATH}/Kingfisher.framework",
				"${TARGET_BUILD_DIR}/${FRAMEWORKS_FOLDER_PATH}/SnapKit.framework",
			);
			runOnlyForDeploymentPostprocessing = 0;
			shellPath = /bin/sh;
			shellScript = "\"${SRCROOT}/Pods/Target Support Files/Pods-HChatForMac/Pods-HChatForMac-frameworks.sh\"\n";
			showEnvVarsInLog = 0;
		};
/* End PBXShellScriptBuildPhase section */

/* Begin PBXSourcesBuildPhase section */
		8A19BFAC201741A8007A2B92 /* Sources */ = {
			isa = PBXSourcesBuildPhase;
			buildActionMask = 2147483647;
			files = (
				8A405E83201873A6005B85DD /* ViewExtention.swift in Sources */,
				8A4822472019ACD20007AA5B /* HUISelectionBar.swift in Sources */,
				8A20B9362021D96C002D45A5 /* NSDecimalNumberTransform.swift in Sources */,
				8A677BA5201EF1F90094033A /* ChatSummaryCell.swift in Sources */,
				8A4822522019E9860007AA5B /* ConversationViewController.swift in Sources */,
				8A405E80201873A6005B85DD /* ImageExtention.swift in Sources */,
				8A405E7F201873A6005B85DD /* FontExtention.swift in Sources */,
				8A405E7D201873A6005B85DD /* ColorExtention.swift in Sources */,
				8A20B9282021D96C002D45A5 /* ExtendCustomBasicType.swift in Sources */,
				8A20B93C2021D96C002D45A5 /* Serializer.swift in Sources */,
				8A405E85201873A6005B85DD /* HAnimatedImageView.swift in Sources */,
				8A20B9212021D96C002D45A5 /* DataTransform.swift in Sources */,
				8A20B9272021D96C002D45A5 /* Export.swift in Sources */,
				8A405E88201873A6005B85DD /* HUIView.swift in Sources */,
				8A405E81201873A6005B85DD /* LayerExtention.swift in Sources */,
				8A20B93A2021D96C002D45A5 /* PropertyInfo.swift in Sources */,
				8A2D666F20204BAE001121A9 /* LoginViewController.swift in Sources */,
				8A20B92B2021D96C002D45A5 /* HexColorTransform.swift in Sources */,
				8A20B9322021D96C002D45A5 /* Logger.swift in Sources */,
				8A405E84201873A6005B85DD /* UIUtils.swift in Sources */,
				8A20B91D2021D96C002D45A5 /* BuiltInBasicType.swift in Sources */,
				8A48224E2019E8A70007AA5B /* RecentlyChatViewController.swift in Sources */,
				8A20B9392021D96C002D45A5 /* Properties.swift in Sources */,
				8A19BFB6201741A8007A2B92 /* ViewController.swift in Sources */,
				8A405E87201873A6005B85DD /* HUIControl.swift in Sources */,
				8A20B9262021D96C002D45A5 /* EnumType.swift in Sources */,
				8AC0A913201884F2003AADF8 /* HUITabBarController.swift in Sources */,
				8A20B9242021D96C002D45A5 /* Deserializer.swift in Sources */,
				8A405E86201873A6005B85DD /* HUIButton.swift in Sources */,
				8A48224A2019E7C00007AA5B /* MessageViewController.swift in Sources */,
				8A405E82201873A6005B85DD /* StringExtention.swift in Sources */,
				8A20B93D2021D96C002D45A5 /* Transformable.swift in Sources */,
				8A20B91F2021D96C002D45A5 /* Configuration.swift in Sources */,
				8A20B9382021D96C002D45A5 /* PointerType.swift in Sources */,
				8A20B93B2021D96C002D45A5 /* ReflectionHelper.swift in Sources */,
				8A20B9342021D96C002D45A5 /* Metadata.swift in Sources */,
				8A20B9302021D96C002D45A5 /* ISO8601DateTransform.swift in Sources */,
				8A20B9352021D96C002D45A5 /* NominalType.swift in Sources */,
				8A20B9402021D96C002D45A5 /* URLTransform.swift in Sources */,
				8A20B91C2021D96C002D45A5 /* AnyExtensions.swift in Sources */,
				8A20B9332021D96C002D45A5 /* Measuable.swift in Sources */,
				8A405E89201873A6005B85DD /* HUIWindow.swift in Sources */,
				8A20B93E2021D96C002D45A5 /* TransformOf.swift in Sources */,
				8A20B9292021D96C002D45A5 /* ExtendCustomModelType.swift in Sources */,
				8A20B91E2021D96C002D45A5 /* BuiltInBridgeType.swift in Sources */,
				8A20B9202021D96C002D45A5 /* CustomDateFormatTransform.swift in Sources */,
				8A20B9372021D96C002D45A5 /* OtherExtension.swift in Sources */,
				8A20B9232021D96C002D45A5 /* DateTransform.swift in Sources */,
				8A405E7E201873A6005B85DD /* DateExtention.swift in Sources */,
				8A20B9222021D96C002D45A5 /* DateFormatterTransform.swift in Sources */,
				8A20B92A2021D96C002D45A5 /* HelpingMapper.swift in Sources */,
				8A20B93F2021D96C002D45A5 /* TransformType.swift in Sources */,
				8A19BFB4201741A8007A2B92 /* AppDelegate.swift in Sources */,
				8A20B9252021D96C002D45A5 /* EnumTransform.swift in Sources */,
			);
			runOnlyForDeploymentPostprocessing = 0;
		};
/* End PBXSourcesBuildPhase section */

/* Begin PBXVariantGroup section */
		8A19BFB9201741A8007A2B92 /* Main.storyboard */ = {
			isa = PBXVariantGroup;
			children = (
				8A19BFBA201741A8007A2B92 /* Base */,
			);
			name = Main.storyboard;
			sourceTree = "<group>";
		};
/* End PBXVariantGroup section */

/* Begin XCBuildConfiguration section */
		8A19BFBE201741A8007A2B92 /* Debug */ = {
			isa = XCBuildConfiguration;
			buildSettings = {
				ALWAYS_SEARCH_USER_PATHS = NO;
				CLANG_ANALYZER_NONNULL = YES;
				CLANG_ANALYZER_NUMBER_OBJECT_CONVERSION = YES_AGGRESSIVE;
				CLANG_CXX_LANGUAGE_STANDARD = "gnu++14";
				CLANG_CXX_LIBRARY = "libc++";
				CLANG_ENABLE_MODULES = YES;
				CLANG_ENABLE_OBJC_ARC = YES;
				CLANG_WARN_BLOCK_CAPTURE_AUTORELEASING = YES;
				CLANG_WARN_BOOL_CONVERSION = YES;
				CLANG_WARN_COMMA = YES;
				CLANG_WARN_CONSTANT_CONVERSION = YES;
				CLANG_WARN_DIRECT_OBJC_ISA_USAGE = YES_ERROR;
				CLANG_WARN_DOCUMENTATION_COMMENTS = YES;
				CLANG_WARN_EMPTY_BODY = YES;
				CLANG_WARN_ENUM_CONVERSION = YES;
				CLANG_WARN_INFINITE_RECURSION = YES;
				CLANG_WARN_INT_CONVERSION = YES;
				CLANG_WARN_NON_LITERAL_NULL_CONVERSION = YES;
				CLANG_WARN_OBJC_LITERAL_CONVERSION = YES;
				CLANG_WARN_OBJC_ROOT_CLASS = YES_ERROR;
				CLANG_WARN_RANGE_LOOP_ANALYSIS = YES;
				CLANG_WARN_STRICT_PROTOTYPES = YES;
				CLANG_WARN_SUSPICIOUS_MOVE = YES;
				CLANG_WARN_UNGUARDED_AVAILABILITY = YES_AGGRESSIVE;
				CLANG_WARN_UNREACHABLE_CODE = YES;
				CLANG_WARN__DUPLICATE_METHOD_MATCH = YES;
				CODE_SIGN_IDENTITY = "-";
				COPY_PHASE_STRIP = NO;
				DEBUG_INFORMATION_FORMAT = dwarf;
				ENABLE_STRICT_OBJC_MSGSEND = YES;
				ENABLE_TESTABILITY = YES;
				GCC_C_LANGUAGE_STANDARD = gnu11;
				GCC_DYNAMIC_NO_PIC = NO;
				GCC_NO_COMMON_BLOCKS = YES;
				GCC_OPTIMIZATION_LEVEL = 0;
				GCC_PREPROCESSOR_DEFINITIONS = (
					"DEBUG=1",
					"$(inherited)",
				);
				GCC_WARN_64_TO_32_BIT_CONVERSION = YES;
				GCC_WARN_ABOUT_RETURN_TYPE = YES_ERROR;
				GCC_WARN_UNDECLARED_SELECTOR = YES;
				GCC_WARN_UNINITIALIZED_AUTOS = YES_AGGRESSIVE;
				GCC_WARN_UNUSED_FUNCTION = YES;
				GCC_WARN_UNUSED_VARIABLE = YES;
				MACOSX_DEPLOYMENT_TARGET = 10.11;
				MTL_ENABLE_DEBUG_INFO = YES;
				ONLY_ACTIVE_ARCH = YES;
				SDKROOT = macosx;
				SWIFT_ACTIVE_COMPILATION_CONDITIONS = DEBUG;
				SWIFT_OPTIMIZATION_LEVEL = "-Onone";
			};
			name = Debug;
		};
		8A19BFBF201741A8007A2B92 /* Release */ = {
			isa = XCBuildConfiguration;
			buildSettings = {
				ALWAYS_SEARCH_USER_PATHS = NO;
				CLANG_ANALYZER_NONNULL = YES;
				CLANG_ANALYZER_NUMBER_OBJECT_CONVERSION = YES_AGGRESSIVE;
				CLANG_CXX_LANGUAGE_STANDARD = "gnu++14";
				CLANG_CXX_LIBRARY = "libc++";
				CLANG_ENABLE_MODULES = YES;
				CLANG_ENABLE_OBJC_ARC = YES;
				CLANG_WARN_BLOCK_CAPTURE_AUTORELEASING = YES;
				CLANG_WARN_BOOL_CONVERSION = YES;
				CLANG_WARN_COMMA = YES;
				CLANG_WARN_CONSTANT_CONVERSION = YES;
				CLANG_WARN_DIRECT_OBJC_ISA_USAGE = YES_ERROR;
				CLANG_WARN_DOCUMENTATION_COMMENTS = YES;
				CLANG_WARN_EMPTY_BODY = YES;
				CLANG_WARN_ENUM_CONVERSION = YES;
				CLANG_WARN_INFINITE_RECURSION = YES;
				CLANG_WARN_INT_CONVERSION = YES;
				CLANG_WARN_NON_LITERAL_NULL_CONVERSION = YES;
				CLANG_WARN_OBJC_LITERAL_CONVERSION = YES;
				CLANG_WARN_OBJC_ROOT_CLASS = YES_ERROR;
				CLANG_WARN_RANGE_LOOP_ANALYSIS = YES;
				CLANG_WARN_STRICT_PROTOTYPES = YES;
				CLANG_WARN_SUSPICIOUS_MOVE = YES;
				CLANG_WARN_UNGUARDED_AVAILABILITY = YES_AGGRESSIVE;
				CLANG_WARN_UNREACHABLE_CODE = YES;
				CLANG_WARN__DUPLICATE_METHOD_MATCH = YES;
				CODE_SIGN_IDENTITY = "-";
				COPY_PHASE_STRIP = NO;
				DEBUG_INFORMATION_FORMAT = "dwarf-with-dsym";
				ENABLE_NS_ASSERTIONS = NO;
				ENABLE_STRICT_OBJC_MSGSEND = YES;
				GCC_C_LANGUAGE_STANDARD = gnu11;
				GCC_NO_COMMON_BLOCKS = YES;
				GCC_WARN_64_TO_32_BIT_CONVERSION = YES;
				GCC_WARN_ABOUT_RETURN_TYPE = YES_ERROR;
				GCC_WARN_UNDECLARED_SELECTOR = YES;
				GCC_WARN_UNINITIALIZED_AUTOS = YES_AGGRESSIVE;
				GCC_WARN_UNUSED_FUNCTION = YES;
				GCC_WARN_UNUSED_VARIABLE = YES;
				MACOSX_DEPLOYMENT_TARGET = 10.11;
				MTL_ENABLE_DEBUG_INFO = NO;
				SDKROOT = macosx;
				SWIFT_OPTIMIZATION_LEVEL = "-Owholemodule";
			};
			name = Release;
		};
		8A19BFC1201741A8007A2B92 /* Debug */ = {
			isa = XCBuildConfiguration;
			baseConfigurationReference = 8CFB1A9CD9733BB4C787A8A7 /* Pods-HChatForMac.debug.xcconfig */;
			buildSettings = {
				ASSETCATALOG_COMPILER_APPICON_NAME = AppIcon;
				CODE_SIGN_STYLE = Automatic;
				COMBINE_HIDPI_IMAGES = YES;
				INFOPLIST_FILE = HChatForMac/Info.plist;
				LD_RUNPATH_SEARCH_PATHS = "$(inherited) @executable_path/../Frameworks";
				PRODUCT_BUNDLE_IDENTIFIER = com.chengcheng.HChatForMac;
				PRODUCT_NAME = "$(TARGET_NAME)";
				SWIFT_VERSION = 4.0;
			};
			name = Debug;
		};
		8A19BFC2201741A8007A2B92 /* Release */ = {
			isa = XCBuildConfiguration;
			baseConfigurationReference = E6E7CC00C24B2BA704BC9D7B /* Pods-HChatForMac.release.xcconfig */;
			buildSettings = {
				ASSETCATALOG_COMPILER_APPICON_NAME = AppIcon;
				CODE_SIGN_STYLE = Automatic;
				COMBINE_HIDPI_IMAGES = YES;
				INFOPLIST_FILE = HChatForMac/Info.plist;
				LD_RUNPATH_SEARCH_PATHS = "$(inherited) @executable_path/../Frameworks";
				PRODUCT_BUNDLE_IDENTIFIER = com.chengcheng.HChatForMac;
				PRODUCT_NAME = "$(TARGET_NAME)";
				SWIFT_VERSION = 4.0;
			};
			name = Release;
		};
/* End XCBuildConfiguration section */

/* Begin XCConfigurationList section */
		8A19BFAB201741A8007A2B92 /* Build configuration list for PBXProject "HChatForMac" */ = {
			isa = XCConfigurationList;
			buildConfigurations = (
				8A19BFBE201741A8007A2B92 /* Debug */,
				8A19BFBF201741A8007A2B92 /* Release */,
			);
			defaultConfigurationIsVisible = 0;
			defaultConfigurationName = Release;
		};
		8A19BFC0201741A8007A2B92 /* Build configuration list for PBXNativeTarget "HChatForMac" */ = {
			isa = XCConfigurationList;
			buildConfigurations = (
				8A19BFC1201741A8007A2B92 /* Debug */,
				8A19BFC2201741A8007A2B92 /* Release */,
			);
			defaultConfigurationIsVisible = 0;
			defaultConfigurationName = Release;
		};
/* End XCConfigurationList section */
	};
	rootObject = 8A19BFA8201741A8007A2B92 /* Project object */;
}
