// !$*UTF8*$!
{
	archiveVersion = 1;
	classes = {
	};
	objectVersion = 46;
	objects = {

/* Begin PBXBuildFile section */
		0DE90D4F1D76DB7300CA210E /* AppDelegate.m in Sources */ = {isa = PBXBuildFile; fileRef = 0DE90D4E1D76DB7300CA210E /* AppDelegate.m */; };
		0DE90D521D76DB7300CA210E /* main.m in Sources */ = {isa = PBXBuildFile; fileRef = 0DE90D511D76DB7300CA210E /* main.m */; };
		0DE90D541D76DB7300CA210E /* Assets.xcassets in Resources */ = {isa = PBXBuildFile; fileRef = 0DE90D531D76DB7300CA210E /* Assets.xcassets */; };
		0DE90D571D76DB7300CA210E /* MainMenu.xib in Resources */ = {isa = PBXBuildFile; fileRef = 0DE90D551D76DB7300CA210E /* MainMenu.xib */; };
		0DE90D621D76DB7300CA210E /* SWAttributedLabelTests.m in Sources */ = {isa = PBXBuildFile; fileRef = 0DE90D611D76DB7300CA210E /* SWAttributedLabelTests.m */; };
		0DE90D6D1D76DB7300CA210E /* SWAttributedLabelUITests.m in Sources */ = {isa = PBXBuildFile; fileRef = 0DE90D6C1D76DB7300CA210E /* SWAttributedLabelUITests.m */; };
		0DE90D851D76DB8700CA210E /* NSMutableAttributedString+Config.m in Sources */ = {isa = PBXBuildFile; fileRef = 0DE90D7C1D76DB8700CA210E /* NSMutableAttributedString+Config.m */; };
		0DE90D861D76DB8700CA210E /* NSMutableAttributedString+CTFrameRef.m in Sources */ = {isa = PBXBuildFile; fileRef = 0DE90D7E1D76DB8700CA210E /* NSMutableAttributedString+CTFrameRef.m */; };
		0DE90D871D76DB8700CA210E /* NSMutableAttributedString+Parse.m in Sources */ = {isa = PBXBuildFile; fileRef = 0DE90D801D76DB8700CA210E /* NSMutableAttributedString+Parse.m */; };
		0DE90D881D76DB8700CA210E /* SWAttributedImageInfo.m in Sources */ = {isa = PBXBuildFile; fileRef = 0DE90D821D76DB8700CA210E /* SWAttributedImageInfo.m */; };
		0DE90D891D76DB8700CA210E /* SWAttributedLabel.m in Sources */ = {isa = PBXBuildFile; fileRef = 0DE90D841D76DB8700CA210E /* SWAttributedLabel.m */; };
		0DE90D8E1D76DBD100CA210E /* 010.jpg in Resources */ = {isa = PBXBuildFile; fileRef = 0DE90D8A1D76DBD100CA210E /* 010.jpg */; };
		0DE90D8F1D76DBD100CA210E /* haha@2x.png in Resources */ = {isa = PBXBuildFile; fileRef = 0DE90D8B1D76DBD100CA210E /* haha@2x.png */; };
		0DE90D901D76DBD100CA210E /* haha1.gif in Resources */ = {isa = PBXBuildFile; fileRef = 0DE90D8C1D76DBD100CA210E /* haha1.gif */; };
		0DE90D911D76DBD100CA210E /* haqian.gif in Resources */ = {isa = PBXBuildFile; fileRef = 0DE90D8D1D76DBD100CA210E /* haqian.gif */; };
		33C749FD1DBCEF6B0017BBD9 /* CustomAttachMentCell.m in Sources */ = {isa = PBXBuildFile; fileRef = 33C749FA1DBCEF6B0017BBD9 /* CustomAttachMentCell.m */; };
		33C749FE1DBCEF6B0017BBD9 /* HXTextView.m in Sources */ = {isa = PBXBuildFile; fileRef = 33C749FC1DBCEF6B0017BBD9 /* HXTextView.m */; };
		33C74A011DBCEFAE0017BBD9 /* NSMutableAttributedString+AttachMent.m in Sources */ = {isa = PBXBuildFile; fileRef = 33C74A001DBCEFAE0017BBD9 /* NSMutableAttributedString+AttachMent.m */; };
		8A1C56BF1DC8AB5500CE9D67 /* xiao.png in Resources */ = {isa = PBXBuildFile; fileRef = 8A1C56BE1DC8AB5500CE9D67 /* xiao.png */; };
		8A1F45321DC715D200546BE3 /* RegexKitLite.m in Sources */ = {isa = PBXBuildFile; fileRef = 8A1F45311DC715D200546BE3 /* RegexKitLite.m */; settings = {COMPILER_FLAGS = "-fno-objc-arc"; }; };
		8A1F45351DC7160D00546BE3 /* libicucore.tbd in Frameworks */ = {isa = PBXBuildFile; fileRef = 8A1F45341DC7160D00546BE3 /* libicucore.tbd */; };
		8A1F45381DC717FF00546BE3 /* HXTextPart.m in Sources */ = {isa = PBXBuildFile; fileRef = 8A1F45371DC717FF00546BE3 /* HXTextPart.m */; };
		8A64FE4B1DC8927E00617ED6 /* HXEmotionView.m in Sources */ = {isa = PBXBuildFile; fileRef = 8A64FE4A1DC8927E00617ED6 /* HXEmotionView.m */; };
		8AC78CFB1DADCFF200BC459D /* white_bg.png in Resources */ = {isa = PBXBuildFile; fileRef = 8AC78CFA1DADCFF200BC459D /* white_bg.png */; };
		8AEDE40F1DB4D53C0074AA0C /* CWindow.m in Sources */ = {isa = PBXBuildFile; fileRef = 8AEDE40E1DB4D53C0074AA0C /* CWindow.m */; };
/* End PBXBuildFile section */

/* Begin PBXContainerItemProxy section */
		0DE90D5E1D76DB7300CA210E /* PBXContainerItemProxy */ = {
			isa = PBXContainerItemProxy;
			containerPortal = 0DE90D421D76DB7300CA210E /* Project object */;
			proxyType = 1;
			remoteGlobalIDString = 0DE90D491D76DB7300CA210E;
			remoteInfo = SWAttributedLabel;
		};
		0DE90D691D76DB7300CA210E /* PBXContainerItemProxy */ = {
			isa = PBXContainerItemProxy;
			containerPortal = 0DE90D421D76DB7300CA210E /* Project object */;
			proxyType = 1;
			remoteGlobalIDString = 0DE90D491D76DB7300CA210E;
			remoteInfo = SWAttributedLabel;
		};
/* End PBXContainerItemProxy section */

/* Begin PBXFileReference section */
		0DE90D4A1D76DB7300CA210E /* SWAttributedLabel.app */ = {isa = PBXFileReference; explicitFileType = wrapper.application; includeInIndex = 0; path = SWAttributedLabel.app; sourceTree = BUILT_PRODUCTS_DIR; };
		0DE90D4D1D76DB7300CA210E /* AppDelegate.h */ = {isa = PBXFileReference; lastKnownFileType = sourcecode.c.h; path = AppDelegate.h; sourceTree = "<group>"; };
		0DE90D4E1D76DB7300CA210E /* AppDelegate.m */ = {isa = PBXFileReference; lastKnownFileType = sourcecode.c.objc; path = AppDelegate.m; sourceTree = "<group>"; };
		0DE90D511D76DB7300CA210E /* main.m */ = {isa = PBXFileReference; lastKnownFileType = sourcecode.c.objc; path = main.m; sourceTree = "<group>"; };
		0DE90D531D76DB7300CA210E /* Assets.xcassets */ = {isa = PBXFileReference; lastKnownFileType = folder.assetcatalog; path = Assets.xcassets; sourceTree = "<group>"; };
		0DE90D561D76DB7300CA210E /* Base */ = {isa = PBXFileReference; lastKnownFileType = file.xib; name = Base; path = Base.lproj/MainMenu.xib; sourceTree = "<group>"; };
		0DE90D581D76DB7300CA210E /* Info.plist */ = {isa = PBXFileReference; lastKnownFileType = text.plist.xml; path = Info.plist; sourceTree = "<group>"; };
		0DE90D5D1D76DB7300CA210E /* SWAttributedLabelTests.xctest */ = {isa = PBXFileReference; explicitFileType = wrapper.cfbundle; includeInIndex = 0; path = SWAttributedLabelTests.xctest; sourceTree = BUILT_PRODUCTS_DIR; };
		0DE90D611D76DB7300CA210E /* SWAttributedLabelTests.m */ = {isa = PBXFileReference; lastKnownFileType = sourcecode.c.objc; path = SWAttributedLabelTests.m; sourceTree = "<group>"; };
		0DE90D631D76DB7300CA210E /* Info.plist */ = {isa = PBXFileReference; lastKnownFileType = text.plist.xml; path = Info.plist; sourceTree = "<group>"; };
		0DE90D681D76DB7300CA210E /* SWAttributedLabelUITests.xctest */ = {isa = PBXFileReference; explicitFileType = wrapper.cfbundle; includeInIndex = 0; path = SWAttributedLabelUITests.xctest; sourceTree = BUILT_PRODUCTS_DIR; };
		0DE90D6C1D76DB7300CA210E /* SWAttributedLabelUITests.m */ = {isa = PBXFileReference; lastKnownFileType = sourcecode.c.objc; path = SWAttributedLabelUITests.m; sourceTree = "<group>"; };
		0DE90D6E1D76DB7300CA210E /* Info.plist */ = {isa = PBXFileReference; lastKnownFileType = text.plist.xml; path = Info.plist; sourceTree = "<group>"; };
		0DE90D7B1D76DB8700CA210E /* NSMutableAttributedString+Config.h */ = {isa = PBXFileReference; fileEncoding = 4; lastKnownFileType = sourcecode.c.h; path = "NSMutableAttributedString+Config.h"; sourceTree = "<group>"; };
		0DE90D7C1D76DB8700CA210E /* NSMutableAttributedString+Config.m */ = {isa = PBXFileReference; fileEncoding = 4; lastKnownFileType = sourcecode.c.objc; path = "NSMutableAttributedString+Config.m"; sourceTree = "<group>"; };
		0DE90D7D1D76DB8700CA210E /* NSMutableAttributedString+CTFrameRef.h */ = {isa = PBXFileReference; fileEncoding = 4; lastKnownFileType = sourcecode.c.h; path = "NSMutableAttributedString+CTFrameRef.h"; sourceTree = "<group>"; };
		0DE90D7E1D76DB8700CA210E /* NSMutableAttributedString+CTFrameRef.m */ = {isa = PBXFileReference; fileEncoding = 4; lastKnownFileType = sourcecode.c.objc; path = "NSMutableAttributedString+CTFrameRef.m"; sourceTree = "<group>"; };
		0DE90D7F1D76DB8700CA210E /* NSMutableAttributedString+Parse.h */ = {isa = PBXFileReference; fileEncoding = 4; lastKnownFileType = sourcecode.c.h; path = "NSMutableAttributedString+Parse.h"; sourceTree = "<group>"; };
		0DE90D801D76DB8700CA210E /* NSMutableAttributedString+Parse.m */ = {isa = PBXFileReference; fileEncoding = 4; lastKnownFileType = sourcecode.c.objc; path = "NSMutableAttributedString+Parse.m"; sourceTree = "<group>"; };
		0DE90D811D76DB8700CA210E /* SWAttributedImageInfo.h */ = {isa = PBXFileReference; fileEncoding = 4; lastKnownFileType = sourcecode.c.h; path = SWAttributedImageInfo.h; sourceTree = "<group>"; };
		0DE90D821D76DB8700CA210E /* SWAttributedImageInfo.m */ = {isa = PBXFileReference; fileEncoding = 4; lastKnownFileType = sourcecode.c.objc; path = SWAttributedImageInfo.m; sourceTree = "<group>"; };
		0DE90D831D76DB8700CA210E /* SWAttributedLabel.h */ = {isa = PBXFileReference; fileEncoding = 4; lastKnownFileType = sourcecode.c.h; path = SWAttributedLabel.h; sourceTree = "<group>"; };
		0DE90D841D76DB8700CA210E /* SWAttributedLabel.m */ = {isa = PBXFileReference; fileEncoding = 4; lastKnownFileType = sourcecode.c.objc; path = SWAttributedLabel.m; sourceTree = "<group>"; };
		0DE90D8A1D76DBD100CA210E /* 010.jpg */ = {isa = PBXFileReference; lastKnownFileType = image.jpeg; path = 010.jpg; sourceTree = "<group>"; };
		0DE90D8B1D76DBD100CA210E /* haha@2x.png */ = {isa = PBXFileReference; lastKnownFileType = image.png; path = "haha@2x.png"; sourceTree = "<group>"; };
		0DE90D8C1D76DBD100CA210E /* haha1.gif */ = {isa = PBXFileReference; lastKnownFileType = image.gif; path = haha1.gif; sourceTree = "<group>"; };
		0DE90D8D1D76DBD100CA210E /* haqian.gif */ = {isa = PBXFileReference; lastKnownFileType = image.gif; path = haqian.gif; sourceTree = "<group>"; };
		33C749F91DBCEF6B0017BBD9 /* CustomAttachMentCell.h */ = {isa = PBXFileReference; fileEncoding = 4; lastKnownFileType = sourcecode.c.h; path = CustomAttachMentCell.h; sourceTree = "<group>"; };
		33C749FA1DBCEF6B0017BBD9 /* CustomAttachMentCell.m */ = {isa = PBXFileReference; fileEncoding = 4; lastKnownFileType = sourcecode.c.objc; path = CustomAttachMentCell.m; sourceTree = "<group>"; };
		33C749FB1DBCEF6B0017BBD9 /* HXTextView.h */ = {isa = PBXFileReference; fileEncoding = 4; lastKnownFileType = sourcecode.c.h; path = HXTextView.h; sourceTree = "<group>"; };
		33C749FC1DBCEF6B0017BBD9 /* HXTextView.m */ = {isa = PBXFileReference; fileEncoding = 4; lastKnownFileType = sourcecode.c.objc; path = HXTextView.m; sourceTree = "<group>"; };
		33C749FF1DBCEFAE0017BBD9 /* NSMutableAttributedString+AttachMent.h */ = {isa = PBXFileReference; fileEncoding = 4; lastKnownFileType = sourcecode.c.h; path = "NSMutableAttributedString+AttachMent.h"; sourceTree = "<group>"; };
		33C74A001DBCEFAE0017BBD9 /* NSMutableAttributedString+AttachMent.m */ = {isa = PBXFileReference; fileEncoding = 4; lastKnownFileType = sourcecode.c.objc; path = "NSMutableAttributedString+AttachMent.m"; sourceTree = "<group>"; };
		8A1C56BE1DC8AB5500CE9D67 /* xiao.png */ = {isa = PBXFileReference; lastKnownFileType = image.png; name = xiao.png; path = "../../../../QQ截图/xiao.png"; sourceTree = "<group>"; };
		8A1F45301DC715D200546BE3 /* RegexKitLite.h */ = {isa = PBXFileReference; fileEncoding = 4; lastKnownFileType = sourcecode.c.h; path = RegexKitLite.h; sourceTree = "<group>"; };
		8A1F45311DC715D200546BE3 /* RegexKitLite.m */ = {isa = PBXFileReference; fileEncoding = 4; lastKnownFileType = sourcecode.c.objc; path = RegexKitLite.m; sourceTree = "<group>"; };
		8A1F45341DC7160D00546BE3 /* libicucore.tbd */ = {isa = PBXFileReference; lastKnownFileType = "sourcecode.text-based-dylib-definition"; name = libicucore.tbd; path = usr/lib/libicucore.tbd; sourceTree = SDKROOT; };
		8A1F45361DC717FF00546BE3 /* HXTextPart.h */ = {isa = PBXFileReference; fileEncoding = 4; lastKnownFileType = sourcecode.c.h; path = HXTextPart.h; sourceTree = "<group>"; };
		8A1F45371DC717FF00546BE3 /* HXTextPart.m */ = {isa = PBXFileReference; fileEncoding = 4; lastKnownFileType = sourcecode.c.objc; path = HXTextPart.m; sourceTree = "<group>"; };
		8A64FE491DC8927E00617ED6 /* HXEmotionView.h */ = {isa = PBXFileReference; fileEncoding = 4; lastKnownFileType = sourcecode.c.h; path = HXEmotionView.h; sourceTree = "<group>"; };
		8A64FE4A1DC8927E00617ED6 /* HXEmotionView.m */ = {isa = PBXFileReference; fileEncoding = 4; lastKnownFileType = sourcecode.c.objc; path = HXEmotionView.m; sourceTree = "<group>"; };
		8AC78CFA1DADCFF200BC459D /* white_bg.png */ = {isa = PBXFileReference; lastKnownFileType = image.png; path = white_bg.png; sourceTree = "<group>"; };
		8AEDE40D1DB4D53C0074AA0C /* CWindow.h */ = {isa = PBXFileReference; fileEncoding = 4; lastKnownFileType = sourcecode.c.h; path = CWindow.h; sourceTree = "<group>"; };
		8AEDE40E1DB4D53C0074AA0C /* CWindow.m */ = {isa = PBXFileReference; fileEncoding = 4; lastKnownFileType = sourcecode.c.objc; path = CWindow.m; sourceTree = "<group>"; };
/* End PBXFileReference section */

/* Begin PBXFrameworksBuildPhase section */
		0DE90D471D76DB7300CA210E /* Frameworks */ = {
			isa = PBXFrameworksBuildPhase;
			buildActionMask = 2147483647;
			files = (
				8A1F45351DC7160D00546BE3 /* libicucore.tbd in Frameworks */,
			);
			runOnlyForDeploymentPostprocessing = 0;
		};
		0DE90D5A1D76DB7300CA210E /* Frameworks */ = {
			isa = PBXFrameworksBuildPhase;
			buildActionMask = 2147483647;
			files = (
			);
			runOnlyForDeploymentPostprocessing = 0;
		};
		0DE90D651D76DB7300CA210E /* Frameworks */ = {
			isa = PBXFrameworksBuildPhase;
			buildActionMask = 2147483647;
			files = (
			);
			runOnlyForDeploymentPostprocessing = 0;
		};
/* End PBXFrameworksBuildPhase section */

/* Begin PBXGroup section */
		0DE90D411D76DB7300CA210E = {
			isa = PBXGroup;
			children = (
				8A64FE491DC8927E00617ED6 /* HXEmotionView.h */,
				8A64FE4A1DC8927E00617ED6 /* HXEmotionView.m */,
				0DE90D4C1D76DB7300CA210E /* SWAttributedLabel */,
				0DE90D601D76DB7300CA210E /* SWAttributedLabelTests */,
				0DE90D6B1D76DB7300CA210E /* SWAttributedLabelUITests */,
				0DE90D4B1D76DB7300CA210E /* Products */,
				8A1F45331DC7160D00546BE3 /* Frameworks */,
			);
			sourceTree = "<group>";
		};
		0DE90D4B1D76DB7300CA210E /* Products */ = {
			isa = PBXGroup;
			children = (
				0DE90D4A1D76DB7300CA210E /* SWAttributedLabel.app */,
				0DE90D5D1D76DB7300CA210E /* SWAttributedLabelTests.xctest */,
				0DE90D681D76DB7300CA210E /* SWAttributedLabelUITests.xctest */,
			);
			name = Products;
			sourceTree = "<group>";
		};
		0DE90D4C1D76DB7300CA210E /* SWAttributedLabel */ = {
			isa = PBXGroup;
			children = (
				33C749F81DBCEF6B0017BBD9 /* CustomTextView */,
				0DE90D7A1D76DB8700CA210E /* SWAttributedLabel */,
				0DE90D4D1D76DB7300CA210E /* AppDelegate.h */,
				0DE90D4E1D76DB7300CA210E /* AppDelegate.m */,
				8AEDE40D1DB4D53C0074AA0C /* CWindow.h */,
				8AEDE40E1DB4D53C0074AA0C /* CWindow.m */,
				0DE90D531D76DB7300CA210E /* Assets.xcassets */,
				0DE90D8A1D76DBD100CA210E /* 010.jpg */,
				8A1C56BE1DC8AB5500CE9D67 /* xiao.png */,
				8AC78CFA1DADCFF200BC459D /* white_bg.png */,
				0DE90D8B1D76DBD100CA210E /* haha@2x.png */,
				0DE90D8C1D76DBD100CA210E /* haha1.gif */,
				0DE90D8D1D76DBD100CA210E /* haqian.gif */,
				0DE90D551D76DB7300CA210E /* MainMenu.xib */,
				0DE90D581D76DB7300CA210E /* Info.plist */,
				0DE90D501D76DB7300CA210E /* Supporting Files */,
			);
			path = SWAttributedLabel;
			sourceTree = "<group>";
		};
		0DE90D501D76DB7300CA210E /* Supporting Files */ = {
			isa = PBXGroup;
			children = (
				0DE90D511D76DB7300CA210E /* main.m */,
			);
			name = "Supporting Files";
			sourceTree = "<group>";
		};
		0DE90D601D76DB7300CA210E /* SWAttributedLabelTests */ = {
			isa = PBXGroup;
			children = (
				0DE90D611D76DB7300CA210E /* SWAttributedLabelTests.m */,
				0DE90D631D76DB7300CA210E /* Info.plist */,
			);
			path = SWAttributedLabelTests;
			sourceTree = "<group>";
		};
		0DE90D6B1D76DB7300CA210E /* SWAttributedLabelUITests */ = {
			isa = PBXGroup;
			children = (
				0DE90D6C1D76DB7300CA210E /* SWAttributedLabelUITests.m */,
				0DE90D6E1D76DB7300CA210E /* Info.plist */,
			);
			path = SWAttributedLabelUITests;
			sourceTree = "<group>";
		};
		0DE90D7A1D76DB8700CA210E /* SWAttributedLabel */ = {
			isa = PBXGroup;
			children = (
				0DE90D7B1D76DB8700CA210E /* NSMutableAttributedString+Config.h */,
				0DE90D7C1D76DB8700CA210E /* NSMutableAttributedString+Config.m */,
				0DE90D7D1D76DB8700CA210E /* NSMutableAttributedString+CTFrameRef.h */,
				0DE90D7E1D76DB8700CA210E /* NSMutableAttributedString+CTFrameRef.m */,
				0DE90D7F1D76DB8700CA210E /* NSMutableAttributedString+Parse.h */,
				0DE90D801D76DB8700CA210E /* NSMutableAttributedString+Parse.m */,
				0DE90D811D76DB8700CA210E /* SWAttributedImageInfo.h */,
				0DE90D821D76DB8700CA210E /* SWAttributedImageInfo.m */,
				0DE90D831D76DB8700CA210E /* SWAttributedLabel.h */,
				0DE90D841D76DB8700CA210E /* SWAttributedLabel.m */,
			);
			path = SWAttributedLabel;
			sourceTree = "<group>";
		};
		33C749F81DBCEF6B0017BBD9 /* CustomTextView */ = {
			isa = PBXGroup;
			children = (
				8A1F45361DC717FF00546BE3 /* HXTextPart.h */,
				8A1F45371DC717FF00546BE3 /* HXTextPart.m */,
				8A1F45301DC715D200546BE3 /* RegexKitLite.h */,
				8A1F45311DC715D200546BE3 /* RegexKitLite.m */,
				33C749FF1DBCEFAE0017BBD9 /* NSMutableAttributedString+AttachMent.h */,
				33C74A001DBCEFAE0017BBD9 /* NSMutableAttributedString+AttachMent.m */,
				33C749F91DBCEF6B0017BBD9 /* CustomAttachMentCell.h */,
				33C749FA1DBCEF6B0017BBD9 /* CustomAttachMentCell.m */,
				33C749FB1DBCEF6B0017BBD9 /* HXTextView.h */,
				33C749FC1DBCEF6B0017BBD9 /* HXTextView.m */,
			);
			path = CustomTextView;
			sourceTree = "<group>";
		};
		8A1F45331DC7160D00546BE3 /* Frameworks */ = {
			isa = PBXGroup;
			children = (
				8A1F45341DC7160D00546BE3 /* libicucore.tbd */,
			);
			name = Frameworks;
			sourceTree = "<group>";
		};
/* End PBXGroup section */

/* Begin PBXNativeTarget section */
		0DE90D491D76DB7300CA210E /* SWAttributedLabel */ = {
			isa = PBXNativeTarget;
			buildConfigurationList = 0DE90D711D76DB7300CA210E /* Build configuration list for PBXNativeTarget "SWAttributedLabel" */;
			buildPhases = (
				0DE90D461D76DB7300CA210E /* Sources */,
				0DE90D471D76DB7300CA210E /* Frameworks */,
				0DE90D481D76DB7300CA210E /* Resources */,
			);
			buildRules = (
			);
			dependencies = (
			);
			name = SWAttributedLabel;
			productName = SWAttributedLabel;
			productReference = 0DE90D4A1D76DB7300CA210E /* SWAttributedLabel.app */;
			productType = "com.apple.product-type.application";
		};
		0DE90D5C1D76DB7300CA210E /* SWAttributedLabelTests */ = {
			isa = PBXNativeTarget;
			buildConfigurationList = 0DE90D741D76DB7300CA210E /* Build configuration list for PBXNativeTarget "SWAttributedLabelTests" */;
			buildPhases = (
				0DE90D591D76DB7300CA210E /* Sources */,
				0DE90D5A1D76DB7300CA210E /* Frameworks */,
				0DE90D5B1D76DB7300CA210E /* Resources */,
			);
			buildRules = (
			);
			dependencies = (
				0DE90D5F1D76DB7300CA210E /* PBXTargetDependency */,
			);
			name = SWAttributedLabelTests;
			productName = SWAttributedLabelTests;
			productReference = 0DE90D5D1D76DB7300CA210E /* SWAttributedLabelTests.xctest */;
			productType = "com.apple.product-type.bundle.unit-test";
		};
		0DE90D671D76DB7300CA210E /* SWAttributedLabelUITests */ = {
			isa = PBXNativeTarget;
			buildConfigurationList = 0DE90D771D76DB7300CA210E /* Build configuration list for PBXNativeTarget "SWAttributedLabelUITests" */;
			buildPhases = (
				0DE90D641D76DB7300CA210E /* Sources */,
				0DE90D651D76DB7300CA210E /* Frameworks */,
				0DE90D661D76DB7300CA210E /* Resources */,
			);
			buildRules = (
			);
			dependencies = (
				0DE90D6A1D76DB7300CA210E /* PBXTargetDependency */,
			);
			name = SWAttributedLabelUITests;
			productName = SWAttributedLabelUITests;
			productReference = 0DE90D681D76DB7300CA210E /* SWAttributedLabelUITests.xctest */;
			productType = "com.apple.product-type.bundle.ui-testing";
		};
/* End PBXNativeTarget section */

/* Begin PBXProject section */
		0DE90D421D76DB7300CA210E /* Project object */ = {
			isa = PBXProject;
			attributes = {
				LastUpgradeCheck = 0720;
				ORGANIZATIONNAME = mxc235;
				TargetAttributes = {
					0DE90D491D76DB7300CA210E = {
						CreatedOnToolsVersion = 7.2;
					};
					0DE90D5C1D76DB7300CA210E = {
						CreatedOnToolsVersion = 7.2;
						TestTargetID = 0DE90D491D76DB7300CA210E;
					};
					0DE90D671D76DB7300CA210E = {
						CreatedOnToolsVersion = 7.2;
						TestTargetID = 0DE90D491D76DB7300CA210E;
					};
				};
			};
			buildConfigurationList = 0DE90D451D76DB7300CA210E /* Build configuration list for PBXProject "SWAttributedLabel" */;
			compatibilityVersion = "Xcode 3.2";
			developmentRegion = English;
			hasScannedForEncodings = 0;
			knownRegions = (
				en,
				Base,
			);
			mainGroup = 0DE90D411D76DB7300CA210E;
			productRefGroup = 0DE90D4B1D76DB7300CA210E /* Products */;
			projectDirPath = "";
			projectRoot = "";
			targets = (
				0DE90D491D76DB7300CA210E /* SWAttributedLabel */,
				0DE90D5C1D76DB7300CA210E /* SWAttributedLabelTests */,
				0DE90D671D76DB7300CA210E /* SWAttributedLabelUITests */,
			);
		};
/* End PBXProject section */

/* Begin PBXResourcesBuildPhase section */
		0DE90D481D76DB7300CA210E /* Resources */ = {
			isa = PBXResourcesBuildPhase;
			buildActionMask = 2147483647;
			files = (
				0DE90D911D76DBD100CA210E /* haqian.gif in Resources */,
				0DE90D8E1D76DBD100CA210E /* 010.jpg in Resources */,
				0DE90D901D76DBD100CA210E /* haha1.gif in Resources */,
				0DE90D541D76DB7300CA210E /* Assets.xcassets in Resources */,
				8AC78CFB1DADCFF200BC459D /* white_bg.png in Resources */,
				0DE90D8F1D76DBD100CA210E /* haha@2x.png in Resources */,
				8A1C56BF1DC8AB5500CE9D67 /* xiao.png in Resources */,
				0DE90D571D76DB7300CA210E /* MainMenu.xib in Resources */,
			);
			runOnlyForDeploymentPostprocessing = 0;
		};
		0DE90D5B1D76DB7300CA210E /* Resources */ = {
			isa = PBXResourcesBuildPhase;
			buildActionMask = 2147483647;
			files = (
			);
			runOnlyForDeploymentPostprocessing = 0;
		};
		0DE90D661D76DB7300CA210E /* Resources */ = {
			isa = PBXResourcesBuildPhase;
			buildActionMask = 2147483647;
			files = (
			);
			runOnlyForDeploymentPostprocessing = 0;
		};
/* End PBXResourcesBuildPhase section */

/* Begin PBXSourcesBuildPhase section */
		0DE90D461D76DB7300CA210E /* Sources */ = {
			isa = PBXSourcesBuildPhase;
			buildActionMask = 2147483647;
			files = (
				33C749FE1DBCEF6B0017BBD9 /* HXTextView.m in Sources */,
				8A1F45381DC717FF00546BE3 /* HXTextPart.m in Sources */,
				0DE90D851D76DB8700CA210E /* NSMutableAttributedString+Config.m in Sources */,
				33C749FD1DBCEF6B0017BBD9 /* CustomAttachMentCell.m in Sources */,
				33C74A011DBCEFAE0017BBD9 /* NSMutableAttributedString+AttachMent.m in Sources */,
				0DE90D881D76DB8700CA210E /* SWAttributedImageInfo.m in Sources */,
				8A1F45321DC715D200546BE3 /* RegexKitLite.m in Sources */,
				0DE90D861D76DB8700CA210E /* NSMutableAttributedString+CTFrameRef.m in Sources */,
				0DE90D521D76DB7300CA210E /* main.m in Sources */,
				8A64FE4B1DC8927E00617ED6 /* HXEmotionView.m in Sources */,
				0DE90D4F1D76DB7300CA210E /* AppDelegate.m in Sources */,
				8AEDE40F1DB4D53C0074AA0C /* CWindow.m in Sources */,
				0DE90D871D76DB8700CA210E /* NSMutableAttributedString+Parse.m in Sources */,
				0DE90D891D76DB8700CA210E /* SWAttributedLabel.m in Sources */,
			);
			runOnlyForDeploymentPostprocessing = 0;
		};
		0DE90D591D76DB7300CA210E /* Sources */ = {
			isa = PBXSourcesBuildPhase;
			buildActionMask = 2147483647;
			files = (
				0DE90D621D76DB7300CA210E /* SWAttributedLabelTests.m in Sources */,
			);
			runOnlyForDeploymentPostprocessing = 0;
		};
		0DE90D641D76DB7300CA210E /* Sources */ = {
			isa = PBXSourcesBuildPhase;
			buildActionMask = 2147483647;
			files = (
				0DE90D6D1D76DB7300CA210E /* SWAttributedLabelUITests.m in Sources */,
			);
			runOnlyForDeploymentPostprocessing = 0;
		};
/* End PBXSourcesBuildPhase section */

/* Begin PBXTargetDependency section */
		0DE90D5F1D76DB7300CA210E /* PBXTargetDependency */ = {
			isa = PBXTargetDependency;
			target = 0DE90D491D76DB7300CA210E /* SWAttributedLabel */;
			targetProxy = 0DE90D5E1D76DB7300CA210E /* PBXContainerItemProxy */;
		};
		0DE90D6A1D76DB7300CA210E /* PBXTargetDependency */ = {
			isa = PBXTargetDependency;
			target = 0DE90D491D76DB7300CA210E /* SWAttributedLabel */;
			targetProxy = 0DE90D691D76DB7300CA210E /* PBXContainerItemProxy */;
		};
/* End PBXTargetDependency section */

/* Begin PBXVariantGroup section */
		0DE90D551D76DB7300CA210E /* MainMenu.xib */ = {
			isa = PBXVariantGroup;
			children = (
				0DE90D561D76DB7300CA210E /* Base */,
			);
			name = MainMenu.xib;
			sourceTree = "<group>";
		};
/* End PBXVariantGroup section */

/* Begin XCBuildConfiguration section */
		0DE90D6F1D76DB7300CA210E /* Debug */ = {
			isa = XCBuildConfiguration;
			buildSettings = {
				ALWAYS_SEARCH_USER_PATHS = NO;
				CLANG_CXX_LANGUAGE_STANDARD = "gnu++0x";
				CLANG_CXX_LIBRARY = "libc++";
				CLANG_ENABLE_MODULES = YES;
				CLANG_ENABLE_OBJC_ARC = YES;
				CLANG_WARN_BOOL_CONVERSION = YES;
				CLANG_WARN_CONSTANT_CONVERSION = YES;
				CLANG_WARN_DIRECT_OBJC_ISA_USAGE = YES_ERROR;
				CLANG_WARN_EMPTY_BODY = YES;
				CLANG_WARN_ENUM_CONVERSION = YES;
				CLANG_WARN_INT_CONVERSION = YES;
				CLANG_WARN_OBJC_ROOT_CLASS = YES_ERROR;
				CLANG_WARN_UNREACHABLE_CODE = YES;
				CLANG_WARN__DUPLICATE_METHOD_MATCH = YES;
				CODE_SIGN_IDENTITY = "-";
				COPY_PHASE_STRIP = NO;
				DEBUG_INFORMATION_FORMAT = dwarf;
				ENABLE_STRICT_OBJC_MSGSEND = YES;
				ENABLE_TESTABILITY = YES;
				GCC_C_LANGUAGE_STANDARD = gnu99;
				GCC_DYNAMIC_NO_PIC = NO;
				GCC_NO_COMMON_BLOCKS = YES;
				GCC_OPTIMIZATION_LEVEL = 0;
				GCC_PREPROCESSOR_DEFINITIONS = (
					"DEBUG=1",
					"$(inherited)",
				);
				GCC_WARN_64_TO_32_BIT_CONVERSION = YES;
				GCC_WARN_ABOUT_RETURN_TYPE = YES_ERROR;
				GCC_WARN_UNDECLARED_SELECTOR = YES;
				GCC_WARN_UNINITIALIZED_AUTOS = YES_AGGRESSIVE;
				GCC_WARN_UNUSED_FUNCTION = YES;
				GCC_WARN_UNUSED_VARIABLE = YES;
				MACOSX_DEPLOYMENT_TARGET = 10.11;
				MTL_ENABLE_DEBUG_INFO = YES;
				ONLY_ACTIVE_ARCH = YES;
				SDKROOT = macosx;
			};
			name = Debug;
		};
		0DE90D701D76DB7300CA210E /* Release */ = {
			isa = XCBuildConfiguration;
			buildSettings = {
				ALWAYS_SEARCH_USER_PATHS = NO;
				CLANG_CXX_LANGUAGE_STANDARD = "gnu++0x";
				CLANG_CXX_LIBRARY = "libc++";
				CLANG_ENABLE_MODULES = YES;
				CLANG_ENABLE_OBJC_ARC = YES;
				CLANG_WARN_BOOL_CONVERSION = YES;
				CLANG_WARN_CONSTANT_CONVERSION = YES;
				CLANG_WARN_DIRECT_OBJC_ISA_USAGE = YES_ERROR;
				CLANG_WARN_EMPTY_BODY = YES;
				CLANG_WARN_ENUM_CONVERSION = YES;
				CLANG_WARN_INT_CONVERSION = YES;
				CLANG_WARN_OBJC_ROOT_CLASS = YES_ERROR;
				CLANG_WARN_UNREACHABLE_CODE = YES;
				CLANG_WARN__DUPLICATE_METHOD_MATCH = YES;
				CODE_SIGN_IDENTITY = "-";
				COPY_PHASE_STRIP = NO;
				DEBUG_INFORMATION_FORMAT = "dwarf-with-dsym";
				ENABLE_NS_ASSERTIONS = NO;
				ENABLE_STRICT_OBJC_MSGSEND = YES;
				GCC_C_LANGUAGE_STANDARD = gnu99;
				GCC_NO_COMMON_BLOCKS = YES;
				GCC_WARN_64_TO_32_BIT_CONVERSION = YES;
				GCC_WARN_ABOUT_RETURN_TYPE = YES_ERROR;
				GCC_WARN_UNDECLARED_SELECTOR = YES;
				GCC_WARN_UNINITIALIZED_AUTOS = YES_AGGRESSIVE;
				GCC_WARN_UNUSED_FUNCTION = YES;
				GCC_WARN_UNUSED_VARIABLE = YES;
				MACOSX_DEPLOYMENT_TARGET = 10.11;
				MTL_ENABLE_DEBUG_INFO = NO;
				SDKROOT = macosx;
			};
			name = Release;
		};
		0DE90D721D76DB7300CA210E /* Debug */ = {
			isa = XCBuildConfiguration;
			buildSettings = {
				ASSETCATALOG_COMPILER_APPICON_NAME = AppIcon;
				COMBINE_HIDPI_IMAGES = YES;
				INFOPLIST_FILE = SWAttributedLabel/Info.plist;
				LD_RUNPATH_SEARCH_PATHS = "$(inherited) @executable_path/../Frameworks";
				PRODUCT_BUNDLE_IDENTIFIER = com.iue.SWAttributedLabel;
				PRODUCT_NAME = "$(TARGET_NAME)";
			};
			name = Debug;
		};
		0DE90D731D76DB7300CA210E /* Release */ = {
			isa = XCBuildConfiguration;
			buildSettings = {
				ASSETCATALOG_COMPILER_APPICON_NAME = AppIcon;
				COMBINE_HIDPI_IMAGES = YES;
				INFOPLIST_FILE = SWAttributedLabel/Info.plist;
				LD_RUNPATH_SEARCH_PATHS = "$(inherited) @executable_path/../Frameworks";
				PRODUCT_BUNDLE_IDENTIFIER = com.iue.SWAttributedLabel;
				PRODUCT_NAME = "$(TARGET_NAME)";
			};
			name = Release;
		};
		0DE90D751D76DB7300CA210E /* Debug */ = {
			isa = XCBuildConfiguration;
			buildSettings = {
				BUNDLE_LOADER = "$(TEST_HOST)";
				COMBINE_HIDPI_IMAGES = YES;
				INFOPLIST_FILE = SWAttributedLabelTests/Info.plist;
				LD_RUNPATH_SEARCH_PATHS = "$(inherited) @executable_path/../Frameworks @loader_path/../Frameworks";
				PRODUCT_BUNDLE_IDENTIFIER = com.iue.SWAttributedLabelTests;
				PRODUCT_NAME = "$(TARGET_NAME)";
				TEST_HOST = "$(BUILT_PRODUCTS_DIR)/SWAttributedLabel.app/Contents/MacOS/SWAttributedLabel";
			};
			name = Debug;
		};
		0DE90D761D76DB7300CA210E /* Release */ = {
			isa = XCBuildConfiguration;
			buildSettings = {
				BUNDLE_LOADER = "$(TEST_HOST)";
				COMBINE_HIDPI_IMAGES = YES;
				INFOPLIST_FILE = SWAttributedLabelTests/Info.plist;
				LD_RUNPATH_SEARCH_PATHS = "$(inherited) @executable_path/../Frameworks @loader_path/../Frameworks";
				PRODUCT_BUNDLE_IDENTIFIER = com.iue.SWAttributedLabelTests;
				PRODUCT_NAME = "$(TARGET_NAME)";
				TEST_HOST = "$(BUILT_PRODUCTS_DIR)/SWAttributedLabel.app/Contents/MacOS/SWAttributedLabel";
			};
			name = Release;
		};
		0DE90D781D76DB7300CA210E /* Debug */ = {
			isa = XCBuildConfiguration;
			buildSettings = {
				COMBINE_HIDPI_IMAGES = YES;
				INFOPLIST_FILE = SWAttributedLabelUITests/Info.plist;
				LD_RUNPATH_SEARCH_PATHS = "$(inherited) @executable_path/../Frameworks @loader_path/../Frameworks";
				PRODUCT_BUNDLE_IDENTIFIER = com.iue.SWAttributedLabelUITests;
				PRODUCT_NAME = "$(TARGET_NAME)";
				TEST_TARGET_NAME = SWAttributedLabel;
				USES_XCTRUNNER = YES;
			};
			name = Debug;
		};
		0DE90D791D76DB7300CA210E /* Release */ = {
			isa = XCBuildConfiguration;
			buildSettings = {
				COMBINE_HIDPI_IMAGES = YES;
				INFOPLIST_FILE = SWAttributedLabelUITests/Info.plist;
				LD_RUNPATH_SEARCH_PATHS = "$(inherited) @executable_path/../Frameworks @loader_path/../Frameworks";
				PRODUCT_BUNDLE_IDENTIFIER = com.iue.SWAttributedLabelUITests;
				PRODUCT_NAME = "$(TARGET_NAME)";
				TEST_TARGET_NAME = SWAttributedLabel;
				USES_XCTRUNNER = YES;
			};
			name = Release;
		};
/* End XCBuildConfiguration section */

/* Begin XCConfigurationList section */
		0DE90D451D76DB7300CA210E /* Build configuration list for PBXProject "SWAttributedLabel" */ = {
			isa = XCConfigurationList;
			buildConfigurations = (
				0DE90D6F1D76DB7300CA210E /* Debug */,
				0DE90D701D76DB7300CA210E /* Release */,
			);
			defaultConfigurationIsVisible = 0;
			defaultConfigurationName = Release;
		};
		0DE90D711D76DB7300CA210E /* Build configuration list for PBXNativeTarget "SWAttributedLabel" */ = {
			isa = XCConfigurationList;
			buildConfigurations = (
				0DE90D721D76DB7300CA210E /* Debug */,
				0DE90D731D76DB7300CA210E /* Release */,
			);
			defaultConfigurationIsVisible = 0;
			defaultConfigurationName = Release;
		};
		0DE90D741D76DB7300CA210E /* Build configuration list for PBXNativeTarget "SWAttributedLabelTests" */ = {
			isa = XCConfigurationList;
			buildConfigurations = (
				0DE90D751D76DB7300CA210E /* Debug */,
				0DE90D761D76DB7300CA210E /* Release */,
			);
			defaultConfigurationIsVisible = 0;
			defaultConfigurationName = Release;
		};
		0DE90D771D76DB7300CA210E /* Build configuration list for PBXNativeTarget "SWAttributedLabelUITests" */ = {
			isa = XCConfigurationList;
			buildConfigurations = (
				0DE90D781D76DB7300CA210E /* Debug */,
				0DE90D791D76DB7300CA210E /* Release */,
			);
			defaultConfigurationIsVisible = 0;
			defaultConfigurationName = Release;
		};
/* End XCConfigurationList section */
	};
	rootObject = 0DE90D421D76DB7300CA210E /* Project object */;
}
